// !$*UTF8*$!
{
	archiveVersion = 1;
	classes = {
	};
	objectVersion = 50;
	objects = {

/* Begin PBXBuildFile section */
		8119704326CAC8DE00326EAB /* LanguagesList.json in Resources */ = {isa = PBXBuildFile; fileRef = 8119704226CAC8DE00326EAB /* LanguagesList.json */; };
		8119704526CACA0F00326EAB /* Rate.json in Resources */ = {isa = PBXBuildFile; fileRef = 8119704426CACA0F00326EAB /* Rate.json */; };
		8119704726CACA9E00326EAB /* Translation.json in Resources */ = {isa = PBXBuildFile; fileRef = 8119704626CACA9E00326EAB /* Translation.json */; };
		8119704926CACB8B00326EAB /* Weather.json in Resources */ = {isa = PBXBuildFile; fileRef = 8119704826CACB8B00326EAB /* Weather.json */; };
		8119704B26CB866900326EAB /* RateServiceTestCase.swift in Sources */ = {isa = PBXBuildFile; fileRef = 8119704A26CB866900326EAB /* RateServiceTestCase.swift */; };
		8119704D26CB996D00326EAB /* TranslationServiceTestCase.swift in Sources */ = {isa = PBXBuildFile; fileRef = 8119704C26CB996D00326EAB /* TranslationServiceTestCase.swift */; };
		8119704F26CB9BD700326EAB /* WeatherServiceTestCase.swift in Sources */ = {isa = PBXBuildFile; fileRef = 8119704E26CB9BD700326EAB /* WeatherServiceTestCase.swift */; };
		8119705226CB9ED000326EAB /* CurrencyserviceTestCase.swift in Sources */ = {isa = PBXBuildFile; fileRef = 8119705126CB9ED000326EAB /* CurrencyserviceTestCase.swift */; };
		8119705426CBA09B00326EAB /* LanguagesServiceTestCase.swift in Sources */ = {isa = PBXBuildFile; fileRef = 8119705326CBA09B00326EAB /* LanguagesServiceTestCase.swift */; };
		8119705626CBDDDC00326EAB /* WeatherIconService.swift in Sources */ = {isa = PBXBuildFile; fileRef = 8119705526CBDDDC00326EAB /* WeatherIconService.swift */; };
		8119709426CC26AD00326EAB /* WeatherIconServiceTestCase.swift in Sources */ = {isa = PBXBuildFile; fileRef = 8119709326CC26AD00326EAB /* WeatherIconServiceTestCase.swift */; };
		8119709626CC297F00326EAB /* 04d.png in Resources */ = {isa = PBXBuildFile; fileRef = 8119709526CC297F00326EAB /* 04d.png */; };
		8140574026BC4E6600D4D31A /* AppDelegate.swift in Sources */ = {isa = PBXBuildFile; fileRef = 8140573F26BC4E6600D4D31A /* AppDelegate.swift */; };
		8140574226BC4E6600D4D31A /* SceneDelegate.swift in Sources */ = {isa = PBXBuildFile; fileRef = 8140574126BC4E6600D4D31A /* SceneDelegate.swift */; };
		8140574426BC4E6600D4D31A /* ExchangeViewController.swift in Sources */ = {isa = PBXBuildFile; fileRef = 8140574326BC4E6600D4D31A /* ExchangeViewController.swift */; };
		8140574F26BC4E6800D4D31A /* LaunchScreen.storyboard in Resources */ = {isa = PBXBuildFile; fileRef = 8140574D26BC4E6800D4D31A /* LaunchScreen.storyboard */; };
		8140576526BC4E6800D4D31A /* Le_BaluchonUITests.swift in Sources */ = {isa = PBXBuildFile; fileRef = 8140576426BC4E6800D4D31A /* Le_BaluchonUITests.swift */; };
		8140577726BC507700D4D31A /* TranslationViewController.swift in Sources */ = {isa = PBXBuildFile; fileRef = 8140577626BC507700D4D31A /* TranslationViewController.swift */; };
		8140577926BC508B00D4D31A /* WeatherViewController.swift in Sources */ = {isa = PBXBuildFile; fileRef = 8140577826BC508B00D4D31A /* WeatherViewController.swift */; };
		8140577B26BC519300D4D31A /* TabBarController.swift in Sources */ = {isa = PBXBuildFile; fileRef = 8140577A26BC519300D4D31A /* TabBarController.swift */; };
		8140577D26BC5C1B00D4D31A /* ExchangeMainView.swift in Sources */ = {isa = PBXBuildFile; fileRef = 8140577C26BC5C1B00D4D31A /* ExchangeMainView.swift */; };
		8140577F26BC5FF500D4D31A /* TranslationMainView.swift in Sources */ = {isa = PBXBuildFile; fileRef = 8140577E26BC5FF500D4D31A /* TranslationMainView.swift */; };
		8140578126BC602600D4D31A /* WeatherMainView.swift in Sources */ = {isa = PBXBuildFile; fileRef = 8140578026BC602600D4D31A /* WeatherMainView.swift */; };
		81B724F126BF190D0051C909 /* LegendLabel.swift in Sources */ = {isa = PBXBuildFile; fileRef = 81B724F026BF190D0051C909 /* LegendLabel.swift */; };
		81B724F326BF1CC40051C909 /* BackgroundImage.swift in Sources */ = {isa = PBXBuildFile; fileRef = 81B724F226BF1CC40051C909 /* BackgroundImage.swift */; };
		81B724F826BF29110051C909 /* UIViewController+Extenstion.swift in Sources */ = {isa = PBXBuildFile; fileRef = 81B724F726BF29110051C909 /* UIViewController+Extenstion.swift */; };
		81B724FA26BF29C40051C909 /* CurrencyListViewController.swift in Sources */ = {isa = PBXBuildFile; fileRef = 81B724F926BF29C40051C909 /* CurrencyListViewController.swift */; };
		81B724FC26BF375E0051C909 /* Currency.swift in Sources */ = {isa = PBXBuildFile; fileRef = 81B724FB26BF375E0051C909 /* Currency.swift */; };
		81B724FF26BF44260051C909 /* ApiKeys.swift in Sources */ = {isa = PBXBuildFile; fileRef = 81B724FE26BF44260051C909 /* ApiKeys.swift */; };
		81B7250126BF4E130051C909 /* CurrencyService.swift in Sources */ = {isa = PBXBuildFile; fileRef = 81B7250026BF4E130051C909 /* CurrencyService.swift */; };
		81B7250726BFF2030051C909 /* Double+Extension.swift in Sources */ = {isa = PBXBuildFile; fileRef = 81B7250626BFF2030051C909 /* Double+Extension.swift */; };
		81B7250B26C0693E0051C909 /* Errors.swift in Sources */ = {isa = PBXBuildFile; fileRef = 81B7250A26C0693E0051C909 /* Errors.swift */; };
		81B7250E26C12C170051C909 /* ApiServiceTestCase.swift in Sources */ = {isa = PBXBuildFile; fileRef = 81B7250D26C12C170051C909 /* ApiServiceTestCase.swift */; };
		81B7251026C12C7C0051C909 /* CurrenciesList.json in Resources */ = {isa = PBXBuildFile; fileRef = 81B7250F26C12C7C0051C909 /* CurrenciesList.json */; };
		81B7251226C12DB10051C909 /* FakeResponseData.swift in Sources */ = {isa = PBXBuildFile; fileRef = 81B7251126C12DB10051C909 /* FakeResponseData.swift */; };
		81B7251426C141DD0051C909 /* URLSessionFake.swift in Sources */ = {isa = PBXBuildFile; fileRef = 81B7251326C141DD0051C909 /* URLSessionFake.swift */; };
		81B7251726C158F90051C909 /* LanguageTextView.swift in Sources */ = {isa = PBXBuildFile; fileRef = 81B7251626C158F90051C909 /* LanguageTextView.swift */; };
		81B7251926C18D580051C909 /* DestinationWeatherView.swift in Sources */ = {isa = PBXBuildFile; fileRef = 81B7251826C18D580051C909 /* DestinationWeatherView.swift */; };
		81B7251B26C1AFE70051C909 /* LocalWeatherView.swift in Sources */ = {isa = PBXBuildFile; fileRef = 81B7251A26C1AFE70051C909 /* LocalWeatherView.swift */; };
		81B7251D26C1B0520051C909 /* DestinationWeatherInfoView.swift in Sources */ = {isa = PBXBuildFile; fileRef = 81B7251C26C1B0520051C909 /* DestinationWeatherInfoView.swift */; };
		81BF842C26C6A7C800607BBA /* Date+Extension.swift in Sources */ = {isa = PBXBuildFile; fileRef = 81BF842B26C6A7C800607BBA /* Date+Extension.swift */; };
		81BF843026C7DEE600607BBA /* RateCalculator.swift in Sources */ = {isa = PBXBuildFile; fileRef = 81BF842F26C7DEE600607BBA /* RateCalculator.swift */; };
		81BF843226C7DFF500607BBA /* RateCalculatorTestCase.swift in Sources */ = {isa = PBXBuildFile; fileRef = 81BF843126C7DFF500607BBA /* RateCalculatorTestCase.swift */; };
		81BF843526C80B1700607BBA /* Translation.swift in Sources */ = {isa = PBXBuildFile; fileRef = 81BF843426C80B1700607BBA /* Translation.swift */; };
		81BF843726C8109700607BBA /* TranslationService.swift in Sources */ = {isa = PBXBuildFile; fileRef = 81BF843626C8109700607BBA /* TranslationService.swift */; };
		81BF843926C81EA000607BBA /* LanguagesChoiceView.swift in Sources */ = {isa = PBXBuildFile; fileRef = 81BF843826C81EA000607BBA /* LanguagesChoiceView.swift */; };
		81BF843B26C829FB00607BBA /* Languages.swift in Sources */ = {isa = PBXBuildFile; fileRef = 81BF843A26C829FB00607BBA /* Languages.swift */; };
		81BF843E26C82C4100607BBA /* LanguagesService.swift in Sources */ = {isa = PBXBuildFile; fileRef = 81BF843D26C82C4100607BBA /* LanguagesService.swift */; };
		81BF844226C82DD200607BBA /* LanguagesListViewController.swift in Sources */ = {isa = PBXBuildFile; fileRef = 81BF844126C82DD200607BBA /* LanguagesListViewController.swift */; };
		81C96CAB26C25F3E006057F9 /* Galano Grotesque Medium.otf in Resources */ = {isa = PBXBuildFile; fileRef = 81C96CAA26C25F3E006057F9 /* Galano Grotesque Medium.otf */; };
		81C96CAD26C25FAF006057F9 /* ITCAvantGardeStdBold.otf in Resources */ = {isa = PBXBuildFile; fileRef = 81C96CAC26C25FAF006057F9 /* ITCAvantGardeStdBold.otf */; };
		81C96CAF26C26057006057F9 /* UIFont+Extension.swift in Sources */ = {isa = PBXBuildFile; fileRef = 81C96CAE26C26057006057F9 /* UIFont+Extension.swift */; };
		81C96CB126C263BE006057F9 /* Galano Grotesque Bold.otf in Resources */ = {isa = PBXBuildFile; fileRef = 81C96CB026C263BE006057F9 /* Galano Grotesque Bold.otf */; };
		81C96CB526C2662D006057F9 /* Galano Grotesque Semi Bold.otf in Resources */ = {isa = PBXBuildFile; fileRef = 81C96CB426C2662D006057F9 /* Galano Grotesque Semi Bold.otf */; };
		81D1556026BEED5700709499 /* UIColor+Extension.swift in Sources */ = {isa = PBXBuildFile; fileRef = 81D1555F26BEED5700709499 /* UIColor+Extension.swift */; };
		81D1556226BEF04500709499 /* CurrencyEntryView.swift in Sources */ = {isa = PBXBuildFile; fileRef = 81D1556126BEF04500709499 /* CurrencyEntryView.swift */; };
		81D1556426BEF88200709499 /* UIView+Extension.swift in Sources */ = {isa = PBXBuildFile; fileRef = 81D1556326BEF88200709499 /* UIView+Extension.swift */; };
		81DE3D1226C29A54003E0F77 /* WeatherDetailInfoView.swift in Sources */ = {isa = PBXBuildFile; fileRef = 81DE3D1126C29A54003E0F77 /* WeatherDetailInfoView.swift */; };
		81DE3D1426C2E14B003E0F77 /* ListView.swift in Sources */ = {isa = PBXBuildFile; fileRef = 81DE3D1326C2E14B003E0F77 /* ListView.swift */; };
		81DE3D1626C2EF6D003E0F77 /* Weather.swift in Sources */ = {isa = PBXBuildFile; fileRef = 81DE3D1526C2EF6D003E0F77 /* Weather.swift */; };
		81DE3D1A26C3B0B2003E0F77 /* Rate.swift in Sources */ = {isa = PBXBuildFile; fileRef = 81DE3D1926C3B0B2003E0F77 /* Rate.swift */; };
		81DE3D1E26C3B3CF003E0F77 /* RateService.swift in Sources */ = {isa = PBXBuildFile; fileRef = 81DE3D1D26C3B3CF003E0F77 /* RateService.swift */; };
		81DE3D2226C3DCDC003E0F77 /* String+Extension.swift in Sources */ = {isa = PBXBuildFile; fileRef = 81DE3D2126C3DCDC003E0F77 /* String+Extension.swift */; };
		81DF729726C52E6E005D8ACF /* Refresher.swift in Sources */ = {isa = PBXBuildFile; fileRef = 81DF729626C52E6E005D8ACF /* Refresher.swift */; };
		81DF729926C55FCE005D8ACF /* WeatherService.swift in Sources */ = {isa = PBXBuildFile; fileRef = 81DF729826C55FCE005D8ACF /* WeatherService.swift */; };
		81DF729B26C6553C005D8ACF /* HeaderView.swift in Sources */ = {isa = PBXBuildFile; fileRef = 81DF729A26C6553C005D8ACF /* HeaderView.swift */; };
		81DF729D26C65980005D8ACF /* DailyRateView.swift in Sources */ = {isa = PBXBuildFile; fileRef = 81DF729C26C65980005D8ACF /* DailyRateView.swift */; };
		81EBD42326C9243C005B77E3 /* ApiService.swift in Sources */ = {isa = PBXBuildFile; fileRef = 81EBD42226C9243C005B77E3 /* ApiService.swift */; };
		81EBD42726C94218005B77E3 /* Assets.xcassets in Resources */ = {isa = PBXBuildFile; fileRef = 8140574B26BC4E6800D4D31A /* Assets.xcassets */; };
/* End PBXBuildFile section */

/* Begin PBXContainerItemProxy section */
		8140575626BC4E6800D4D31A /* PBXContainerItemProxy */ = {
			isa = PBXContainerItemProxy;
			containerPortal = 8140573426BC4E6600D4D31A /* Project object */;
			proxyType = 1;
			remoteGlobalIDString = 8140573B26BC4E6600D4D31A;
			remoteInfo = "Le Baluchon";
		};
		8140576126BC4E6800D4D31A /* PBXContainerItemProxy */ = {
			isa = PBXContainerItemProxy;
			containerPortal = 8140573426BC4E6600D4D31A /* Project object */;
			proxyType = 1;
			remoteGlobalIDString = 8140573B26BC4E6600D4D31A;
			remoteInfo = "Le Baluchon";
		};
/* End PBXContainerItemProxy section */

/* Begin PBXFileReference section */
		8119704226CAC8DE00326EAB /* LanguagesList.json */ = {isa = PBXFileReference; lastKnownFileType = text.json; path = LanguagesList.json; sourceTree = "<group>"; };
		8119704426CACA0F00326EAB /* Rate.json */ = {isa = PBXFileReference; lastKnownFileType = text.json; path = Rate.json; sourceTree = "<group>"; };
		8119704626CACA9E00326EAB /* Translation.json */ = {isa = PBXFileReference; lastKnownFileType = text.json; path = Translation.json; sourceTree = "<group>"; };
		8119704826CACB8B00326EAB /* Weather.json */ = {isa = PBXFileReference; lastKnownFileType = text.json; path = Weather.json; sourceTree = "<group>"; };
		8119704A26CB866900326EAB /* RateServiceTestCase.swift */ = {isa = PBXFileReference; lastKnownFileType = sourcecode.swift; path = RateServiceTestCase.swift; sourceTree = "<group>"; };
		8119704C26CB996D00326EAB /* TranslationServiceTestCase.swift */ = {isa = PBXFileReference; lastKnownFileType = sourcecode.swift; path = TranslationServiceTestCase.swift; sourceTree = "<group>"; };
		8119704E26CB9BD700326EAB /* WeatherServiceTestCase.swift */ = {isa = PBXFileReference; lastKnownFileType = sourcecode.swift; path = WeatherServiceTestCase.swift; sourceTree = "<group>"; };
		8119705126CB9ED000326EAB /* CurrencyserviceTestCase.swift */ = {isa = PBXFileReference; lastKnownFileType = sourcecode.swift; path = CurrencyserviceTestCase.swift; sourceTree = "<group>"; };
		8119705326CBA09B00326EAB /* LanguagesServiceTestCase.swift */ = {isa = PBXFileReference; lastKnownFileType = sourcecode.swift; path = LanguagesServiceTestCase.swift; sourceTree = "<group>"; };
		8119705526CBDDDC00326EAB /* WeatherIconService.swift */ = {isa = PBXFileReference; lastKnownFileType = sourcecode.swift; path = WeatherIconService.swift; sourceTree = "<group>"; };
		8119709326CC26AD00326EAB /* WeatherIconServiceTestCase.swift */ = {isa = PBXFileReference; lastKnownFileType = sourcecode.swift; path = WeatherIconServiceTestCase.swift; sourceTree = "<group>"; };
		8119709526CC297F00326EAB /* 04d.png */ = {isa = PBXFileReference; lastKnownFileType = image.png; path = 04d.png; sourceTree = "<group>"; };
		8140573C26BC4E6600D4D31A /* LeBaluchon.app */ = {isa = PBXFileReference; explicitFileType = wrapper.application; includeInIndex = 0; path = LeBaluchon.app; sourceTree = BUILT_PRODUCTS_DIR; };
		8140573F26BC4E6600D4D31A /* AppDelegate.swift */ = {isa = PBXFileReference; lastKnownFileType = sourcecode.swift; path = AppDelegate.swift; sourceTree = "<group>"; };
		8140574126BC4E6600D4D31A /* SceneDelegate.swift */ = {isa = PBXFileReference; lastKnownFileType = sourcecode.swift; path = SceneDelegate.swift; sourceTree = "<group>"; };
		8140574326BC4E6600D4D31A /* ExchangeViewController.swift */ = {isa = PBXFileReference; lastKnownFileType = sourcecode.swift; path = ExchangeViewController.swift; sourceTree = "<group>"; };
		8140574B26BC4E6800D4D31A /* Assets.xcassets */ = {isa = PBXFileReference; lastKnownFileType = folder.assetcatalog; path = Assets.xcassets; sourceTree = "<group>"; };
		8140574E26BC4E6800D4D31A /* Base */ = {isa = PBXFileReference; lastKnownFileType = file.storyboard; name = Base; path = Base.lproj/LaunchScreen.storyboard; sourceTree = "<group>"; };
		8140575026BC4E6800D4D31A /* Info.plist */ = {isa = PBXFileReference; lastKnownFileType = text.plist.xml; path = Info.plist; sourceTree = "<group>"; };
		8140575526BC4E6800D4D31A /* LeBaluchonTests.xctest */ = {isa = PBXFileReference; explicitFileType = wrapper.cfbundle; includeInIndex = 0; path = LeBaluchonTests.xctest; sourceTree = BUILT_PRODUCTS_DIR; };
		8140575B26BC4E6800D4D31A /* Info.plist */ = {isa = PBXFileReference; lastKnownFileType = text.plist.xml; path = Info.plist; sourceTree = "<group>"; };
		8140576026BC4E6800D4D31A /* LeBaluchonUITests.xctest */ = {isa = PBXFileReference; explicitFileType = wrapper.cfbundle; includeInIndex = 0; path = LeBaluchonUITests.xctest; sourceTree = BUILT_PRODUCTS_DIR; };
		8140576426BC4E6800D4D31A /* Le_BaluchonUITests.swift */ = {isa = PBXFileReference; lastKnownFileType = sourcecode.swift; path = Le_BaluchonUITests.swift; sourceTree = "<group>"; };
		8140576626BC4E6800D4D31A /* Info.plist */ = {isa = PBXFileReference; lastKnownFileType = text.plist.xml; path = Info.plist; sourceTree = "<group>"; };
		8140577626BC507700D4D31A /* TranslationViewController.swift */ = {isa = PBXFileReference; lastKnownFileType = sourcecode.swift; path = TranslationViewController.swift; sourceTree = "<group>"; };
		8140577826BC508B00D4D31A /* WeatherViewController.swift */ = {isa = PBXFileReference; lastKnownFileType = sourcecode.swift; path = WeatherViewController.swift; sourceTree = "<group>"; };
		8140577A26BC519300D4D31A /* TabBarController.swift */ = {isa = PBXFileReference; lastKnownFileType = sourcecode.swift; path = TabBarController.swift; sourceTree = "<group>"; };
		8140577C26BC5C1B00D4D31A /* ExchangeMainView.swift */ = {isa = PBXFileReference; lastKnownFileType = sourcecode.swift; path = ExchangeMainView.swift; sourceTree = "<group>"; };
		8140577E26BC5FF500D4D31A /* TranslationMainView.swift */ = {isa = PBXFileReference; lastKnownFileType = sourcecode.swift; path = TranslationMainView.swift; sourceTree = "<group>"; };
		8140578026BC602600D4D31A /* WeatherMainView.swift */ = {isa = PBXFileReference; lastKnownFileType = sourcecode.swift; path = WeatherMainView.swift; sourceTree = "<group>"; };
		81B724F026BF190D0051C909 /* LegendLabel.swift */ = {isa = PBXFileReference; lastKnownFileType = sourcecode.swift; path = LegendLabel.swift; sourceTree = "<group>"; };
		81B724F226BF1CC40051C909 /* BackgroundImage.swift */ = {isa = PBXFileReference; lastKnownFileType = sourcecode.swift; path = BackgroundImage.swift; sourceTree = "<group>"; };
		81B724F726BF29110051C909 /* UIViewController+Extenstion.swift */ = {isa = PBXFileReference; lastKnownFileType = sourcecode.swift; path = "UIViewController+Extenstion.swift"; sourceTree = "<group>"; };
		81B724F926BF29C40051C909 /* CurrencyListViewController.swift */ = {isa = PBXFileReference; lastKnownFileType = sourcecode.swift; path = CurrencyListViewController.swift; sourceTree = "<group>"; };
		81B724FB26BF375E0051C909 /* Currency.swift */ = {isa = PBXFileReference; lastKnownFileType = sourcecode.swift; path = Currency.swift; sourceTree = "<group>"; };
		81B724FE26BF44260051C909 /* ApiKeys.swift */ = {isa = PBXFileReference; lastKnownFileType = sourcecode.swift; path = ApiKeys.swift; sourceTree = "<group>"; };
		81B7250026BF4E130051C909 /* CurrencyService.swift */ = {isa = PBXFileReference; lastKnownFileType = sourcecode.swift; path = CurrencyService.swift; sourceTree = "<group>"; };
		81B7250626BFF2030051C909 /* Double+Extension.swift */ = {isa = PBXFileReference; lastKnownFileType = sourcecode.swift; path = "Double+Extension.swift"; sourceTree = "<group>"; };
		81B7250A26C0693E0051C909 /* Errors.swift */ = {isa = PBXFileReference; lastKnownFileType = sourcecode.swift; path = Errors.swift; sourceTree = "<group>"; };
		81B7250C26C12C160051C909 /* Le BaluchonTests-Bridging-Header.h */ = {isa = PBXFileReference; lastKnownFileType = sourcecode.c.h; path = "Le BaluchonTests-Bridging-Header.h"; sourceTree = "<group>"; };
		81B7250D26C12C170051C909 /* ApiServiceTestCase.swift */ = {isa = PBXFileReference; lastKnownFileType = sourcecode.swift; path = ApiServiceTestCase.swift; sourceTree = "<group>"; };
		81B7250F26C12C7C0051C909 /* CurrenciesList.json */ = {isa = PBXFileReference; lastKnownFileType = text.json; path = CurrenciesList.json; sourceTree = "<group>"; };
		81B7251126C12DB10051C909 /* FakeResponseData.swift */ = {isa = PBXFileReference; lastKnownFileType = sourcecode.swift; path = FakeResponseData.swift; sourceTree = "<group>"; };
		81B7251326C141DD0051C909 /* URLSessionFake.swift */ = {isa = PBXFileReference; lastKnownFileType = sourcecode.swift; path = URLSessionFake.swift; sourceTree = "<group>"; };
		81B7251626C158F90051C909 /* LanguageTextView.swift */ = {isa = PBXFileReference; lastKnownFileType = sourcecode.swift; path = LanguageTextView.swift; sourceTree = "<group>"; };
		81B7251826C18D580051C909 /* DestinationWeatherView.swift */ = {isa = PBXFileReference; lastKnownFileType = sourcecode.swift; path = DestinationWeatherView.swift; sourceTree = "<group>"; };
		81B7251A26C1AFE70051C909 /* LocalWeatherView.swift */ = {isa = PBXFileReference; lastKnownFileType = sourcecode.swift; path = LocalWeatherView.swift; sourceTree = "<group>"; };
		81B7251C26C1B0520051C909 /* DestinationWeatherInfoView.swift */ = {isa = PBXFileReference; lastKnownFileType = sourcecode.swift; path = DestinationWeatherInfoView.swift; sourceTree = "<group>"; };
		81BF842B26C6A7C800607BBA /* Date+Extension.swift */ = {isa = PBXFileReference; lastKnownFileType = sourcecode.swift; path = "Date+Extension.swift"; sourceTree = "<group>"; };
		81BF842F26C7DEE600607BBA /* RateCalculator.swift */ = {isa = PBXFileReference; lastKnownFileType = sourcecode.swift; path = RateCalculator.swift; sourceTree = "<group>"; };
		81BF843126C7DFF500607BBA /* RateCalculatorTestCase.swift */ = {isa = PBXFileReference; lastKnownFileType = sourcecode.swift; path = RateCalculatorTestCase.swift; sourceTree = "<group>"; };
		81BF843426C80B1700607BBA /* Translation.swift */ = {isa = PBXFileReference; lastKnownFileType = sourcecode.swift; name = Translation.swift; path = "Le Baluchon/Controller/Translation.swift"; sourceTree = SOURCE_ROOT; };
		81BF843626C8109700607BBA /* TranslationService.swift */ = {isa = PBXFileReference; lastKnownFileType = sourcecode.swift; path = TranslationService.swift; sourceTree = "<group>"; };
		81BF843826C81EA000607BBA /* LanguagesChoiceView.swift */ = {isa = PBXFileReference; lastKnownFileType = sourcecode.swift; path = LanguagesChoiceView.swift; sourceTree = "<group>"; };
		81BF843A26C829FB00607BBA /* Languages.swift */ = {isa = PBXFileReference; lastKnownFileType = sourcecode.swift; path = Languages.swift; sourceTree = "<group>"; };
		81BF843D26C82C4100607BBA /* LanguagesService.swift */ = {isa = PBXFileReference; lastKnownFileType = sourcecode.swift; path = LanguagesService.swift; sourceTree = "<group>"; };
		81BF844126C82DD200607BBA /* LanguagesListViewController.swift */ = {isa = PBXFileReference; lastKnownFileType = sourcecode.swift; path = LanguagesListViewController.swift; sourceTree = "<group>"; };
		81C96CAA26C25F3E006057F9 /* Galano Grotesque Medium.otf */ = {isa = PBXFileReference; lastKnownFileType = file; path = "Galano Grotesque Medium.otf"; sourceTree = "<group>"; };
		81C96CAC26C25FAF006057F9 /* ITCAvantGardeStdBold.otf */ = {isa = PBXFileReference; lastKnownFileType = file; path = ITCAvantGardeStdBold.otf; sourceTree = "<group>"; };
		81C96CAE26C26057006057F9 /* UIFont+Extension.swift */ = {isa = PBXFileReference; lastKnownFileType = sourcecode.swift; path = "UIFont+Extension.swift"; sourceTree = "<group>"; };
		81C96CB026C263BE006057F9 /* Galano Grotesque Bold.otf */ = {isa = PBXFileReference; lastKnownFileType = file; path = "Galano Grotesque Bold.otf"; sourceTree = "<group>"; };
		81C96CB426C2662D006057F9 /* Galano Grotesque Semi Bold.otf */ = {isa = PBXFileReference; lastKnownFileType = file; path = "Galano Grotesque Semi Bold.otf"; sourceTree = "<group>"; };
		81D1555F26BEED5700709499 /* UIColor+Extension.swift */ = {isa = PBXFileReference; lastKnownFileType = sourcecode.swift; path = "UIColor+Extension.swift"; sourceTree = "<group>"; };
		81D1556126BEF04500709499 /* CurrencyEntryView.swift */ = {isa = PBXFileReference; lastKnownFileType = sourcecode.swift; path = CurrencyEntryView.swift; sourceTree = "<group>"; };
		81D1556326BEF88200709499 /* UIView+Extension.swift */ = {isa = PBXFileReference; lastKnownFileType = sourcecode.swift; path = "UIView+Extension.swift"; sourceTree = "<group>"; };
		81DE3D1126C29A54003E0F77 /* WeatherDetailInfoView.swift */ = {isa = PBXFileReference; lastKnownFileType = sourcecode.swift; path = WeatherDetailInfoView.swift; sourceTree = "<group>"; };
		81DE3D1326C2E14B003E0F77 /* ListView.swift */ = {isa = PBXFileReference; lastKnownFileType = sourcecode.swift; path = ListView.swift; sourceTree = "<group>"; };
		81DE3D1526C2EF6D003E0F77 /* Weather.swift */ = {isa = PBXFileReference; lastKnownFileType = sourcecode.swift; path = Weather.swift; sourceTree = "<group>"; };
		81DE3D1926C3B0B2003E0F77 /* Rate.swift */ = {isa = PBXFileReference; lastKnownFileType = sourcecode.swift; path = Rate.swift; sourceTree = "<group>"; };
		81DE3D1D26C3B3CF003E0F77 /* RateService.swift */ = {isa = PBXFileReference; lastKnownFileType = sourcecode.swift; path = RateService.swift; sourceTree = "<group>"; };
		81DE3D2126C3DCDC003E0F77 /* String+Extension.swift */ = {isa = PBXFileReference; lastKnownFileType = sourcecode.swift; path = "String+Extension.swift"; sourceTree = "<group>"; };
		81DF729626C52E6E005D8ACF /* Refresher.swift */ = {isa = PBXFileReference; lastKnownFileType = sourcecode.swift; path = Refresher.swift; sourceTree = "<group>"; };
		81DF729826C55FCE005D8ACF /* WeatherService.swift */ = {isa = PBXFileReference; lastKnownFileType = sourcecode.swift; path = WeatherService.swift; sourceTree = "<group>"; };
		81DF729A26C6553C005D8ACF /* HeaderView.swift */ = {isa = PBXFileReference; lastKnownFileType = sourcecode.swift; path = HeaderView.swift; sourceTree = "<group>"; };
		81DF729C26C65980005D8ACF /* DailyRateView.swift */ = {isa = PBXFileReference; lastKnownFileType = sourcecode.swift; path = DailyRateView.swift; sourceTree = "<group>"; };
		81EBD42226C9243C005B77E3 /* ApiService.swift */ = {isa = PBXFileReference; lastKnownFileType = sourcecode.swift; path = ApiService.swift; sourceTree = "<group>"; };
/* End PBXFileReference section */

/* Begin PBXFrameworksBuildPhase section */
		8140573926BC4E6600D4D31A /* Frameworks */ = {
			isa = PBXFrameworksBuildPhase;
			buildActionMask = 2147483647;
			files = (
			);
			runOnlyForDeploymentPostprocessing = 0;
		};
		8140575226BC4E6800D4D31A /* Frameworks */ = {
			isa = PBXFrameworksBuildPhase;
			buildActionMask = 2147483647;
			files = (
			);
			runOnlyForDeploymentPostprocessing = 0;
		};
		8140575D26BC4E6800D4D31A /* Frameworks */ = {
			isa = PBXFrameworksBuildPhase;
			buildActionMask = 2147483647;
			files = (
			);
			runOnlyForDeploymentPostprocessing = 0;
		};
/* End PBXFrameworksBuildPhase section */

/* Begin PBXGroup section */
		8119705026CB9E4C00326EAB /* FakeData */ = {
			isa = PBXGroup;
			children = (
				8119709526CC297F00326EAB /* 04d.png */,
				8119704826CACB8B00326EAB /* Weather.json */,
				8119704426CACA0F00326EAB /* Rate.json */,
				8119704626CACA9E00326EAB /* Translation.json */,
				81B7250F26C12C7C0051C909 /* CurrenciesList.json */,
				8119704226CAC8DE00326EAB /* LanguagesList.json */,
			);
			path = FakeData;
			sourceTree = "<group>";
		};
		8140573326BC4E6600D4D31A = {
			isa = PBXGroup;
			children = (
				8140573E26BC4E6600D4D31A /* Le Baluchon */,
				8140575826BC4E6800D4D31A /* Le BaluchonTests */,
				8140576326BC4E6800D4D31A /* Le BaluchonUITests */,
				8140573D26BC4E6600D4D31A /* Products */,
			);
			sourceTree = "<group>";
		};
		8140573D26BC4E6600D4D31A /* Products */ = {
			isa = PBXGroup;
			children = (
				8140573C26BC4E6600D4D31A /* LeBaluchon.app */,
				8140575526BC4E6800D4D31A /* LeBaluchonTests.xctest */,
				8140576026BC4E6800D4D31A /* LeBaluchonUITests.xctest */,
			);
			name = Products;
			sourceTree = "<group>";
		};
		8140573E26BC4E6600D4D31A /* Le Baluchon */ = {
			isa = PBXGroup;
			children = (
				8140575026BC4E6800D4D31A /* Info.plist */,
				8140577526BC4EFA00D4D31A /* Assets */,
				81B724FD26BF44020051C909 /* Helpers */,
				81D1556526BEF89700709499 /* Extensions */,
				8140577226BC4ED600D4D31A /* Model */,
				8140577326BC4EDE00D4D31A /* View */,
				8140577426BC4EEA00D4D31A /* Controller */,
			);
			path = "Le Baluchon";
			sourceTree = "<group>";
		};
		8140575826BC4E6800D4D31A /* Le BaluchonTests */ = {
			isa = PBXGroup;
			children = (
				81B7250C26C12C160051C909 /* Le BaluchonTests-Bridging-Header.h */,
				8140575B26BC4E6800D4D31A /* Info.plist */,
				81B7251126C12DB10051C909 /* FakeResponseData.swift */,
				81B7251326C141DD0051C909 /* URLSessionFake.swift */,
				8119705026CB9E4C00326EAB /* FakeData */,
				81BF843126C7DFF500607BBA /* RateCalculatorTestCase.swift */,
				81B7251526C146350051C909 /* ServicesTests */,
			);
			path = "Le BaluchonTests";
			sourceTree = "<group>";
		};
		8140576326BC4E6800D4D31A /* Le BaluchonUITests */ = {
			isa = PBXGroup;
			children = (
				8140576426BC4E6800D4D31A /* Le_BaluchonUITests.swift */,
				8140576626BC4E6800D4D31A /* Info.plist */,
			);
			path = "Le BaluchonUITests";
			sourceTree = "<group>";
		};
		8140577226BC4ED600D4D31A /* Model */ = {
			isa = PBXGroup;
			children = (
				81B7250A26C0693E0051C909 /* Errors.swift */,
				81EBD42226C9243C005B77E3 /* ApiService.swift */,
				81EBD42626C93CD9005B77E3 /* Exchange */,
				81B1018426C4EF1700554ADD /* Translation */,
				81DE3D1C26C3B39E003E0F77 /* Weather */,
				81DE3D1B26C3B38C003E0F77 /* Currencies */,
				81BF843C26C82B0800607BBA /* Languages */,
			);
			path = Model;
			sourceTree = "<group>";
		};
		8140577326BC4EDE00D4D31A /* View */ = {
			isa = PBXGroup;
			children = (
				8140574D26BC4E6800D4D31A /* LaunchScreen.storyboard */,
				81B724F626BF242D0051C909 /* Elements */,
				81DE3D1326C2E14B003E0F77 /* ListView.swift */,
				8140577C26BC5C1B00D4D31A /* ExchangeMainView.swift */,
				8140577E26BC5FF500D4D31A /* TranslationMainView.swift */,
				8140578026BC602600D4D31A /* WeatherMainView.swift */,
			);
			path = View;
			sourceTree = "<group>";
		};
		8140577426BC4EEA00D4D31A /* Controller */ = {
			isa = PBXGroup;
			children = (
				8140577A26BC519300D4D31A /* TabBarController.swift */,
				8140577626BC507700D4D31A /* TranslationViewController.swift */,
				8140574326BC4E6600D4D31A /* ExchangeViewController.swift */,
				8140577826BC508B00D4D31A /* WeatherViewController.swift */,
				81B724F926BF29C40051C909 /* CurrencyListViewController.swift */,
				81BF844126C82DD200607BBA /* LanguagesListViewController.swift */,
			);
			path = Controller;
			sourceTree = "<group>";
		};
		8140577526BC4EFA00D4D31A /* Assets */ = {
			isa = PBXGroup;
			children = (
				81C96CA926C25EA2006057F9 /* Fonts */,
				8140574B26BC4E6800D4D31A /* Assets.xcassets */,
			);
			path = Assets;
			sourceTree = "<group>";
		};
		81B1018426C4EF1700554ADD /* Translation */ = {
			isa = PBXGroup;
			children = (
				81BF843426C80B1700607BBA /* Translation.swift */,
				81BF843626C8109700607BBA /* TranslationService.swift */,
			);
			path = Translation;
			sourceTree = "<group>";
		};
		81B724F626BF242D0051C909 /* Elements */ = {
			isa = PBXGroup;
			children = (
				81DF729626C52E6E005D8ACF /* Refresher.swift */,
				81B724F226BF1CC40051C909 /* BackgroundImage.swift */,
				81DF729A26C6553C005D8ACF /* HeaderView.swift */,
				81B724F026BF190D0051C909 /* LegendLabel.swift */,
				81D1556126BEF04500709499 /* CurrencyEntryView.swift */,
				81DF729C26C65980005D8ACF /* DailyRateView.swift */,
				81B7251626C158F90051C909 /* LanguageTextView.swift */,
				81BF843826C81EA000607BBA /* LanguagesChoiceView.swift */,
				81B7251A26C1AFE70051C909 /* LocalWeatherView.swift */,
				81B7251826C18D580051C909 /* DestinationWeatherView.swift */,
				81B7251C26C1B0520051C909 /* DestinationWeatherInfoView.swift */,
				81DE3D1126C29A54003E0F77 /* WeatherDetailInfoView.swift */,
			);
			path = Elements;
			sourceTree = "<group>";
		};
		81B724FD26BF44020051C909 /* Helpers */ = {
			isa = PBXGroup;
			children = (
				8140573F26BC4E6600D4D31A /* AppDelegate.swift */,
				8140574126BC4E6600D4D31A /* SceneDelegate.swift */,
				81B724FE26BF44260051C909 /* ApiKeys.swift */,
			);
			path = Helpers;
			sourceTree = "<group>";
		};
		81B7251526C146350051C909 /* ServicesTests */ = {
			isa = PBXGroup;
			children = (
				81B7250D26C12C170051C909 /* ApiServiceTestCase.swift */,
				8119704A26CB866900326EAB /* RateServiceTestCase.swift */,
				8119704C26CB996D00326EAB /* TranslationServiceTestCase.swift */,
				8119704E26CB9BD700326EAB /* WeatherServiceTestCase.swift */,
				8119705126CB9ED000326EAB /* CurrencyserviceTestCase.swift */,
				8119705326CBA09B00326EAB /* LanguagesServiceTestCase.swift */,
				8119709326CC26AD00326EAB /* WeatherIconServiceTestCase.swift */,
			);
			path = ServicesTests;
			sourceTree = "<group>";
		};
		81BF843C26C82B0800607BBA /* Languages */ = {
			isa = PBXGroup;
			children = (
				81BF843A26C829FB00607BBA /* Languages.swift */,
				81BF843D26C82C4100607BBA /* LanguagesService.swift */,
			);
			path = Languages;
			sourceTree = "<group>";
		};
		81C96CA926C25EA2006057F9 /* Fonts */ = {
			isa = PBXGroup;
			children = (
				81C96CAA26C25F3E006057F9 /* Galano Grotesque Medium.otf */,
				81C96CB426C2662D006057F9 /* Galano Grotesque Semi Bold.otf */,
				81C96CB026C263BE006057F9 /* Galano Grotesque Bold.otf */,
				81C96CAC26C25FAF006057F9 /* ITCAvantGardeStdBold.otf */,
			);
			path = Fonts;
			sourceTree = "<group>";
		};
		81D1556526BEF89700709499 /* Extensions */ = {
			isa = PBXGroup;
			children = (
				81D1556326BEF88200709499 /* UIView+Extension.swift */,
				81D1555F26BEED5700709499 /* UIColor+Extension.swift */,
				81B7250626BFF2030051C909 /* Double+Extension.swift */,
				81C96CAE26C26057006057F9 /* UIFont+Extension.swift */,
				81DE3D2126C3DCDC003E0F77 /* String+Extension.swift */,
				81B724F726BF29110051C909 /* UIViewController+Extenstion.swift */,
				81BF842B26C6A7C800607BBA /* Date+Extension.swift */,
			);
			path = Extensions;
			sourceTree = "<group>";
		};
		81DE3D1B26C3B38C003E0F77 /* Currencies */ = {
			isa = PBXGroup;
			children = (
				81B724FB26BF375E0051C909 /* Currency.swift */,
				81B7250026BF4E130051C909 /* CurrencyService.swift */,
			);
			path = Currencies;
			sourceTree = "<group>";
		};
		81DE3D1C26C3B39E003E0F77 /* Weather */ = {
			isa = PBXGroup;
			children = (
				81DE3D1526C2EF6D003E0F77 /* Weather.swift */,
				81DF729826C55FCE005D8ACF /* WeatherService.swift */,
				8119705526CBDDDC00326EAB /* WeatherIconService.swift */,
			);
			path = Weather;
			sourceTree = "<group>";
		};
		81EBD42626C93CD9005B77E3 /* Exchange */ = {
			isa = PBXGroup;
			children = (
				81DE3D1926C3B0B2003E0F77 /* Rate.swift */,
				81DE3D1D26C3B3CF003E0F77 /* RateService.swift */,
				81BF842F26C7DEE600607BBA /* RateCalculator.swift */,
			);
			path = Exchange;
			sourceTree = "<group>";
		};
/* End PBXGroup section */

/* Begin PBXNativeTarget section */
		8140573B26BC4E6600D4D31A /* LeBaluchon */ = {
			isa = PBXNativeTarget;
			buildConfigurationList = 8140576926BC4E6800D4D31A /* Build configuration list for PBXNativeTarget "LeBaluchon" */;
			buildPhases = (
				8140573826BC4E6600D4D31A /* Sources */,
				8140573926BC4E6600D4D31A /* Frameworks */,
				8140573A26BC4E6600D4D31A /* Resources */,
			);
			buildRules = (
			);
			dependencies = (
			);
			name = LeBaluchon;
			productName = "Le Baluchon";
			productReference = 8140573C26BC4E6600D4D31A /* LeBaluchon.app */;
			productType = "com.apple.product-type.application";
		};
		8140575426BC4E6800D4D31A /* LeBaluchonTests */ = {
			isa = PBXNativeTarget;
			buildConfigurationList = 8140576C26BC4E6800D4D31A /* Build configuration list for PBXNativeTarget "LeBaluchonTests" */;
			buildPhases = (
				8140575126BC4E6800D4D31A /* Sources */,
				8140575226BC4E6800D4D31A /* Frameworks */,
				8140575326BC4E6800D4D31A /* Resources */,
			);
			buildRules = (
			);
			dependencies = (
				8140575726BC4E6800D4D31A /* PBXTargetDependency */,
			);
			name = LeBaluchonTests;
			productName = "Le BaluchonTests";
			productReference = 8140575526BC4E6800D4D31A /* LeBaluchonTests.xctest */;
			productType = "com.apple.product-type.bundle.unit-test";
		};
		8140575F26BC4E6800D4D31A /* LeBaluchonUITests */ = {
			isa = PBXNativeTarget;
			buildConfigurationList = 8140576F26BC4E6800D4D31A /* Build configuration list for PBXNativeTarget "LeBaluchonUITests" */;
			buildPhases = (
				8140575C26BC4E6800D4D31A /* Sources */,
				8140575D26BC4E6800D4D31A /* Frameworks */,
				8140575E26BC4E6800D4D31A /* Resources */,
			);
			buildRules = (
			);
			dependencies = (
				8140576226BC4E6800D4D31A /* PBXTargetDependency */,
			);
			name = LeBaluchonUITests;
			productName = "Le BaluchonUITests";
			productReference = 8140576026BC4E6800D4D31A /* LeBaluchonUITests.xctest */;
			productType = "com.apple.product-type.bundle.ui-testing";
		};
/* End PBXNativeTarget section */

/* Begin PBXProject section */
		8140573426BC4E6600D4D31A /* Project object */ = {
			isa = PBXProject;
			attributes = {
				LastSwiftUpdateCheck = 1250;
				LastUpgradeCheck = 1250;
				TargetAttributes = {
					8140573B26BC4E6600D4D31A = {
						CreatedOnToolsVersion = 12.5;
					};
					8140575426BC4E6800D4D31A = {
						CreatedOnToolsVersion = 12.5;
						LastSwiftMigration = 1250;
						TestTargetID = 8140573B26BC4E6600D4D31A;
					};
					8140575F26BC4E6800D4D31A = {
						CreatedOnToolsVersion = 12.5;
						TestTargetID = 8140573B26BC4E6600D4D31A;
					};
				};
			};
			buildConfigurationList = 8140573726BC4E6600D4D31A /* Build configuration list for PBXProject "LeBaluchon" */;
			compatibilityVersion = "Xcode 9.3";
			developmentRegion = en;
			hasScannedForEncodings = 0;
			knownRegions = (
				en,
				Base,
			);
			mainGroup = 8140573326BC4E6600D4D31A;
			productRefGroup = 8140573D26BC4E6600D4D31A /* Products */;
			projectDirPath = "";
			projectRoot = "";
			targets = (
				8140573B26BC4E6600D4D31A /* LeBaluchon */,
				8140575426BC4E6800D4D31A /* LeBaluchonTests */,
				8140575F26BC4E6800D4D31A /* LeBaluchonUITests */,
			);
		};
/* End PBXProject section */

/* Begin PBXResourcesBuildPhase section */
		8140573A26BC4E6600D4D31A /* Resources */ = {
			isa = PBXResourcesBuildPhase;
			buildActionMask = 2147483647;
			files = (
				81C96CAD26C25FAF006057F9 /* ITCAvantGardeStdBold.otf in Resources */,
				8140574F26BC4E6800D4D31A /* LaunchScreen.storyboard in Resources */,
				81C96CB126C263BE006057F9 /* Galano Grotesque Bold.otf in Resources */,
				81C96CB526C2662D006057F9 /* Galano Grotesque Semi Bold.otf in Resources */,
				81EBD42726C94218005B77E3 /* Assets.xcassets in Resources */,
				81C96CAB26C25F3E006057F9 /* Galano Grotesque Medium.otf in Resources */,
			);
			runOnlyForDeploymentPostprocessing = 0;
		};
		8140575326BC4E6800D4D31A /* Resources */ = {
			isa = PBXResourcesBuildPhase;
			buildActionMask = 2147483647;
			files = (
				8119709626CC297F00326EAB /* 04d.png in Resources */,
				81B7251026C12C7C0051C909 /* CurrenciesList.json in Resources */,
				8119704526CACA0F00326EAB /* Rate.json in Resources */,
				8119704726CACA9E00326EAB /* Translation.json in Resources */,
				8119704926CACB8B00326EAB /* Weather.json in Resources */,
				8119704326CAC8DE00326EAB /* LanguagesList.json in Resources */,
			);
			runOnlyForDeploymentPostprocessing = 0;
		};
		8140575E26BC4E6800D4D31A /* Resources */ = {
			isa = PBXResourcesBuildPhase;
			buildActionMask = 2147483647;
			files = (
			);
			runOnlyForDeploymentPostprocessing = 0;
		};
/* End PBXResourcesBuildPhase section */

/* Begin PBXSourcesBuildPhase section */
		8140573826BC4E6600D4D31A /* Sources */ = {
			isa = PBXSourcesBuildPhase;
			buildActionMask = 2147483647;
			files = (
				81B724FC26BF375E0051C909 /* Currency.swift in Sources */,
				8140577D26BC5C1B00D4D31A /* ExchangeMainView.swift in Sources */,
				81BF843926C81EA000607BBA /* LanguagesChoiceView.swift in Sources */,
				81DE3D1E26C3B3CF003E0F77 /* RateService.swift in Sources */,
				81BF844226C82DD200607BBA /* LanguagesListViewController.swift in Sources */,
				81D1556226BEF04500709499 /* CurrencyEntryView.swift in Sources */,
				81DE3D1626C2EF6D003E0F77 /* Weather.swift in Sources */,
				81BF843526C80B1700607BBA /* Translation.swift in Sources */,
				81B7250726BFF2030051C909 /* Double+Extension.swift in Sources */,
				81B724F326BF1CC40051C909 /* BackgroundImage.swift in Sources */,
				81D1556026BEED5700709499 /* UIColor+Extension.swift in Sources */,
				8140578126BC602600D4D31A /* WeatherMainView.swift in Sources */,
				8140577926BC508B00D4D31A /* WeatherViewController.swift in Sources */,
				81BF843726C8109700607BBA /* TranslationService.swift in Sources */,
				81B7250B26C0693E0051C909 /* Errors.swift in Sources */,
				81C96CAF26C26057006057F9 /* UIFont+Extension.swift in Sources */,
				81EBD42326C9243C005B77E3 /* ApiService.swift in Sources */,
				8119705626CBDDDC00326EAB /* WeatherIconService.swift in Sources */,
				8140574426BC4E6600D4D31A /* ExchangeViewController.swift in Sources */,
				81B724FF26BF44260051C909 /* ApiKeys.swift in Sources */,
				81BF843B26C829FB00607BBA /* Languages.swift in Sources */,
				81BF843E26C82C4100607BBA /* LanguagesService.swift in Sources */,
				81DF729926C55FCE005D8ACF /* WeatherService.swift in Sources */,
				81B724F826BF29110051C909 /* UIViewController+Extenstion.swift in Sources */,
				81BF842C26C6A7C800607BBA /* Date+Extension.swift in Sources */,
				8140574026BC4E6600D4D31A /* AppDelegate.swift in Sources */,
				81DE3D2226C3DCDC003E0F77 /* String+Extension.swift in Sources */,
				81DE3D1A26C3B0B2003E0F77 /* Rate.swift in Sources */,
				81DE3D1426C2E14B003E0F77 /* ListView.swift in Sources */,
				81DF729726C52E6E005D8ACF /* Refresher.swift in Sources */,
				8140577B26BC519300D4D31A /* TabBarController.swift in Sources */,
				81DF729D26C65980005D8ACF /* DailyRateView.swift in Sources */,
				81DE3D1226C29A54003E0F77 /* WeatherDetailInfoView.swift in Sources */,
				81D1556426BEF88200709499 /* UIView+Extension.swift in Sources */,
				81B724F126BF190D0051C909 /* LegendLabel.swift in Sources */,
				81B7251B26C1AFE70051C909 /* LocalWeatherView.swift in Sources */,
				81B7251D26C1B0520051C909 /* DestinationWeatherInfoView.swift in Sources */,
				8140574226BC4E6600D4D31A /* SceneDelegate.swift in Sources */,
				81B7251726C158F90051C909 /* LanguageTextView.swift in Sources */,
				81B7250126BF4E130051C909 /* CurrencyService.swift in Sources */,
				81B7251926C18D580051C909 /* DestinationWeatherView.swift in Sources */,
				81B724FA26BF29C40051C909 /* CurrencyListViewController.swift in Sources */,
				81DF729B26C6553C005D8ACF /* HeaderView.swift in Sources */,
				8140577F26BC5FF500D4D31A /* TranslationMainView.swift in Sources */,
				8140577726BC507700D4D31A /* TranslationViewController.swift in Sources */,
				81BF843026C7DEE600607BBA /* RateCalculator.swift in Sources */,
			);
			runOnlyForDeploymentPostprocessing = 0;
		};
		8140575126BC4E6800D4D31A /* Sources */ = {
			isa = PBXSourcesBuildPhase;
			buildActionMask = 2147483647;
			files = (
				8119705426CBA09B00326EAB /* LanguagesServiceTestCase.swift in Sources */,
				8119705226CB9ED000326EAB /* CurrencyserviceTestCase.swift in Sources */,
				8119704B26CB866900326EAB /* RateServiceTestCase.swift in Sources */,
				81B7250E26C12C170051C909 /* ApiServiceTestCase.swift in Sources */,
				8119709426CC26AD00326EAB /* WeatherIconServiceTestCase.swift in Sources */,
				81BF843226C7DFF500607BBA /* RateCalculatorTestCase.swift in Sources */,
				81B7251426C141DD0051C909 /* URLSessionFake.swift in Sources */,
				8119704D26CB996D00326EAB /* TranslationServiceTestCase.swift in Sources */,
				81B7251226C12DB10051C909 /* FakeResponseData.swift in Sources */,
				8119704F26CB9BD700326EAB /* WeatherServiceTestCase.swift in Sources */,
			);
			runOnlyForDeploymentPostprocessing = 0;
		};
		8140575C26BC4E6800D4D31A /* Sources */ = {
			isa = PBXSourcesBuildPhase;
			buildActionMask = 2147483647;
			files = (
				8140576526BC4E6800D4D31A /* Le_BaluchonUITests.swift in Sources */,
			);
			runOnlyForDeploymentPostprocessing = 0;
		};
/* End PBXSourcesBuildPhase section */

/* Begin PBXTargetDependency section */
		8140575726BC4E6800D4D31A /* PBXTargetDependency */ = {
			isa = PBXTargetDependency;
			target = 8140573B26BC4E6600D4D31A /* LeBaluchon */;
			targetProxy = 8140575626BC4E6800D4D31A /* PBXContainerItemProxy */;
		};
		8140576226BC4E6800D4D31A /* PBXTargetDependency */ = {
			isa = PBXTargetDependency;
			target = 8140573B26BC4E6600D4D31A /* LeBaluchon */;
			targetProxy = 8140576126BC4E6800D4D31A /* PBXContainerItemProxy */;
		};
/* End PBXTargetDependency section */

/* Begin PBXVariantGroup section */
		8140574D26BC4E6800D4D31A /* LaunchScreen.storyboard */ = {
			isa = PBXVariantGroup;
			children = (
				8140574E26BC4E6800D4D31A /* Base */,
			);
			name = LaunchScreen.storyboard;
			sourceTree = "<group>";
		};
/* End PBXVariantGroup section */

/* Begin XCBuildConfiguration section */
		8140576726BC4E6800D4D31A /* Debug */ = {
			isa = XCBuildConfiguration;
			buildSettings = {
				ALWAYS_SEARCH_USER_PATHS = NO;
				CLANG_ANALYZER_NONNULL = YES;
				CLANG_ANALYZER_NUMBER_OBJECT_CONVERSION = YES_AGGRESSIVE;
				CLANG_CXX_LANGUAGE_STANDARD = "gnu++14";
				CLANG_CXX_LIBRARY = "libc++";
				CLANG_ENABLE_MODULES = YES;
				CLANG_ENABLE_OBJC_ARC = YES;
				CLANG_ENABLE_OBJC_WEAK = YES;
				CLANG_WARN_BLOCK_CAPTURE_AUTORELEASING = YES;
				CLANG_WARN_BOOL_CONVERSION = YES;
				CLANG_WARN_COMMA = YES;
				CLANG_WARN_CONSTANT_CONVERSION = YES;
				CLANG_WARN_DEPRECATED_OBJC_IMPLEMENTATIONS = YES;
				CLANG_WARN_DIRECT_OBJC_ISA_USAGE = YES_ERROR;
				CLANG_WARN_DOCUMENTATION_COMMENTS = YES;
				CLANG_WARN_EMPTY_BODY = YES;
				CLANG_WARN_ENUM_CONVERSION = YES;
				CLANG_WARN_INFINITE_RECURSION = YES;
				CLANG_WARN_INT_CONVERSION = YES;
				CLANG_WARN_NON_LITERAL_NULL_CONVERSION = YES;
				CLANG_WARN_OBJC_IMPLICIT_RETAIN_SELF = YES;
				CLANG_WARN_OBJC_LITERAL_CONVERSION = YES;
				CLANG_WARN_OBJC_ROOT_CLASS = YES_ERROR;
				CLANG_WARN_QUOTED_INCLUDE_IN_FRAMEWORK_HEADER = YES;
				CLANG_WARN_RANGE_LOOP_ANALYSIS = YES;
				CLANG_WARN_STRICT_PROTOTYPES = YES;
				CLANG_WARN_SUSPICIOUS_MOVE = YES;
				CLANG_WARN_UNGUARDED_AVAILABILITY = YES_AGGRESSIVE;
				CLANG_WARN_UNREACHABLE_CODE = YES;
				CLANG_WARN__DUPLICATE_METHOD_MATCH = YES;
				COPY_PHASE_STRIP = NO;
				DEBUG_INFORMATION_FORMAT = dwarf;
				ENABLE_STRICT_OBJC_MSGSEND = YES;
				ENABLE_TESTABILITY = YES;
				GCC_C_LANGUAGE_STANDARD = gnu11;
				GCC_DYNAMIC_NO_PIC = NO;
				GCC_NO_COMMON_BLOCKS = YES;
				GCC_OPTIMIZATION_LEVEL = 0;
				GCC_PREPROCESSOR_DEFINITIONS = (
					"DEBUG=1",
					"$(inherited)",
				);
				GCC_WARN_64_TO_32_BIT_CONVERSION = YES;
				GCC_WARN_ABOUT_RETURN_TYPE = YES_ERROR;
				GCC_WARN_UNDECLARED_SELECTOR = YES;
				GCC_WARN_UNINITIALIZED_AUTOS = YES_AGGRESSIVE;
				GCC_WARN_UNUSED_FUNCTION = YES;
				GCC_WARN_UNUSED_VARIABLE = YES;
				IPHONEOS_DEPLOYMENT_TARGET = 14.5;
				MTL_ENABLE_DEBUG_INFO = INCLUDE_SOURCE;
				MTL_FAST_MATH = YES;
				ONLY_ACTIVE_ARCH = YES;
				SDKROOT = iphoneos;
				SWIFT_ACTIVE_COMPILATION_CONDITIONS = DEBUG;
				SWIFT_OPTIMIZATION_LEVEL = "-Onone";
			};
			name = Debug;
		};
		8140576826BC4E6800D4D31A /* Release */ = {
			isa = XCBuildConfiguration;
			buildSettings = {
				ALWAYS_SEARCH_USER_PATHS = NO;
				CLANG_ANALYZER_NONNULL = YES;
				CLANG_ANALYZER_NUMBER_OBJECT_CONVERSION = YES_AGGRESSIVE;
				CLANG_CXX_LANGUAGE_STANDARD = "gnu++14";
				CLANG_CXX_LIBRARY = "libc++";
				CLANG_ENABLE_MODULES = YES;
				CLANG_ENABLE_OBJC_ARC = YES;
				CLANG_ENABLE_OBJC_WEAK = YES;
				CLANG_WARN_BLOCK_CAPTURE_AUTORELEASING = YES;
				CLANG_WARN_BOOL_CONVERSION = YES;
				CLANG_WARN_COMMA = YES;
				CLANG_WARN_CONSTANT_CONVERSION = YES;
				CLANG_WARN_DEPRECATED_OBJC_IMPLEMENTATIONS = YES;
				CLANG_WARN_DIRECT_OBJC_ISA_USAGE = YES_ERROR;
				CLANG_WARN_DOCUMENTATION_COMMENTS = YES;
				CLANG_WARN_EMPTY_BODY = YES;
				CLANG_WARN_ENUM_CONVERSION = YES;
				CLANG_WARN_INFINITE_RECURSION = YES;
				CLANG_WARN_INT_CONVERSION = YES;
				CLANG_WARN_NON_LITERAL_NULL_CONVERSION = YES;
				CLANG_WARN_OBJC_IMPLICIT_RETAIN_SELF = YES;
				CLANG_WARN_OBJC_LITERAL_CONVERSION = YES;
				CLANG_WARN_OBJC_ROOT_CLASS = YES_ERROR;
				CLANG_WARN_QUOTED_INCLUDE_IN_FRAMEWORK_HEADER = YES;
				CLANG_WARN_RANGE_LOOP_ANALYSIS = YES;
				CLANG_WARN_STRICT_PROTOTYPES = YES;
				CLANG_WARN_SUSPICIOUS_MOVE = YES;
				CLANG_WARN_UNGUARDED_AVAILABILITY = YES_AGGRESSIVE;
				CLANG_WARN_UNREACHABLE_CODE = YES;
				CLANG_WARN__DUPLICATE_METHOD_MATCH = YES;
				COPY_PHASE_STRIP = NO;
				DEBUG_INFORMATION_FORMAT = "dwarf-with-dsym";
				ENABLE_NS_ASSERTIONS = NO;
				ENABLE_STRICT_OBJC_MSGSEND = YES;
				GCC_C_LANGUAGE_STANDARD = gnu11;
				GCC_NO_COMMON_BLOCKS = YES;
				GCC_WARN_64_TO_32_BIT_CONVERSION = YES;
				GCC_WARN_ABOUT_RETURN_TYPE = YES_ERROR;
				GCC_WARN_UNDECLARED_SELECTOR = YES;
				GCC_WARN_UNINITIALIZED_AUTOS = YES_AGGRESSIVE;
				GCC_WARN_UNUSED_FUNCTION = YES;
				GCC_WARN_UNUSED_VARIABLE = YES;
				IPHONEOS_DEPLOYMENT_TARGET = 14.5;
				MTL_ENABLE_DEBUG_INFO = NO;
				MTL_FAST_MATH = YES;
				SDKROOT = iphoneos;
				SWIFT_COMPILATION_MODE = wholemodule;
				SWIFT_OPTIMIZATION_LEVEL = "-O";
				VALIDATE_PRODUCT = YES;
			};
			name = Release;
		};
		8140576A26BC4E6800D4D31A /* Debug */ = {
			isa = XCBuildConfiguration;
			buildSettings = {
				ASSETCATALOG_COMPILER_APPICON_NAME = AppIcon;
				ASSETCATALOG_COMPILER_GLOBAL_ACCENT_COLOR_NAME = AccentColor;
				CODE_SIGN_STYLE = Automatic;
				DEVELOPMENT_TEAM = LW66PFZQH6;
				INFOPLIST_FILE = "Le Baluchon/Info.plist";
				IPHONEOS_DEPLOYMENT_TARGET = 13.0;
				LD_RUNPATH_SEARCH_PATHS = (
					"$(inherited)",
					"@executable_path/Frameworks",
				);
				PRODUCT_BUNDLE_IDENTIFIER = "com.birkyboydesign.Le-Baluchon";
				PRODUCT_NAME = "$(TARGET_NAME)";
				SWIFT_VERSION = 5.0;
				TARGETED_DEVICE_FAMILY = 1;
			};
			name = Debug;
		};
		8140576B26BC4E6800D4D31A /* Release */ = {
			isa = XCBuildConfiguration;
			buildSettings = {
				ASSETCATALOG_COMPILER_APPICON_NAME = AppIcon;
				ASSETCATALOG_COMPILER_GLOBAL_ACCENT_COLOR_NAME = AccentColor;
				CODE_SIGN_STYLE = Automatic;
				DEVELOPMENT_TEAM = LW66PFZQH6;
				INFOPLIST_FILE = "Le Baluchon/Info.plist";
				IPHONEOS_DEPLOYMENT_TARGET = 13.0;
				LD_RUNPATH_SEARCH_PATHS = (
					"$(inherited)",
					"@executable_path/Frameworks",
				);
				PRODUCT_BUNDLE_IDENTIFIER = "com.birkyboydesign.Le-Baluchon";
				PRODUCT_NAME = "$(TARGET_NAME)";
				SWIFT_VERSION = 5.0;
				TARGETED_DEVICE_FAMILY = 1;
			};
			name = Release;
		};
		8140576D26BC4E6800D4D31A /* Debug */ = {
			isa = XCBuildConfiguration;
			buildSettings = {
				ALWAYS_EMBED_SWIFT_STANDARD_LIBRARIES = YES;
				BUNDLE_LOADER = "$(TEST_HOST)";
				CLANG_ENABLE_MODULES = YES;
				CODE_SIGN_STYLE = Automatic;
				DEVELOPMENT_TEAM = LW66PFZQH6;
				INFOPLIST_FILE = "Le BaluchonTests/Info.plist";
				IPHONEOS_DEPLOYMENT_TARGET = 14.5;
				LD_RUNPATH_SEARCH_PATHS = (
					"$(inherited)",
					"@executable_path/Frameworks",
					"@loader_path/Frameworks",
				);
				PRODUCT_BUNDLE_IDENTIFIER = "com.birkyboydesign.Le-BaluchonTests";
				PRODUCT_NAME = "$(TARGET_NAME)";
				SWIFT_OBJC_BRIDGING_HEADER = "Le BaluchonTests/Le BaluchonTests-Bridging-Header.h";
				SWIFT_OPTIMIZATION_LEVEL = "-Onone";
				SWIFT_VERSION = 5.0;
				TARGETED_DEVICE_FAMILY = "1,2";
				TEST_HOST = "$(BUILT_PRODUCTS_DIR)/LeBaluchon.app/LeBaluchon";
			};
			name = Debug;
		};
		8140576E26BC4E6800D4D31A /* Release */ = {
			isa = XCBuildConfiguration;
			buildSettings = {
				ALWAYS_EMBED_SWIFT_STANDARD_LIBRARIES = YES;
				BUNDLE_LOADER = "$(TEST_HOST)";
				CLANG_ENABLE_MODULES = YES;
				CODE_SIGN_STYLE = Automatic;
				DEVELOPMENT_TEAM = LW66PFZQH6;
				INFOPLIST_FILE = "Le BaluchonTests/Info.plist";
				IPHONEOS_DEPLOYMENT_TARGET = 14.5;
				LD_RUNPATH_SEARCH_PATHS = (
					"$(inherited)",
					"@executable_path/Frameworks",
					"@loader_path/Frameworks",
				);
				PRODUCT_BUNDLE_IDENTIFIER = "com.birkyboydesign.Le-BaluchonTests";
				PRODUCT_NAME = "$(TARGET_NAME)";
				SWIFT_OBJC_BRIDGING_HEADER = "Le BaluchonTests/Le BaluchonTests-Bridging-Header.h";
				SWIFT_VERSION = 5.0;
				TARGETED_DEVICE_FAMILY = "1,2";
				TEST_HOST = "$(BUILT_PRODUCTS_DIR)/LeBaluchon.app/LeBaluchon";
			};
			name = Release;
		};
		8140577026BC4E6800D4D31A /* Debug */ = {
			isa = XCBuildConfiguration;
			buildSettings = {
				ALWAYS_EMBED_SWIFT_STANDARD_LIBRARIES = YES;
				CODE_SIGN_STYLE = Automatic;
				DEVELOPMENT_TEAM = LW66PFZQH6;
				INFOPLIST_FILE = "Le BaluchonUITests/Info.plist";
				LD_RUNPATH_SEARCH_PATHS = (
					"$(inherited)",
					"@executable_path/Frameworks",
					"@loader_path/Frameworks",
				);
				PRODUCT_BUNDLE_IDENTIFIER = "com.birkyboydesign.Le-BaluchonUITests";
				PRODUCT_NAME = "$(TARGET_NAME)";
				SWIFT_VERSION = 5.0;
				TARGETED_DEVICE_FAMILY = "1,2";
				TEST_TARGET_NAME = "Le Baluchon";
			};
			name = Debug;
		};
		8140577126BC4E6800D4D31A /* Release */ = {
			isa = XCBuildConfiguration;
			buildSettings = {
				ALWAYS_EMBED_SWIFT_STANDARD_LIBRARIES = YES;
				CODE_SIGN_STYLE = Automatic;
				DEVELOPMENT_TEAM = LW66PFZQH6;
				INFOPLIST_FILE = "Le BaluchonUITests/Info.plist";
				LD_RUNPATH_SEARCH_PATHS = (
					"$(inherited)",
					"@executable_path/Frameworks",
					"@loader_path/Frameworks",
				);
				PRODUCT_BUNDLE_IDENTIFIER = "com.birkyboydesign.Le-BaluchonUITests";
				PRODUCT_NAME = "$(TARGET_NAME)";
				SWIFT_VERSION = 5.0;
				TARGETED_DEVICE_FAMILY = "1,2";
				TEST_TARGET_NAME = "Le Baluchon";
			};
			name = Release;
		};
/* End XCBuildConfiguration section */

/* Begin XCConfigurationList section */
		8140573726BC4E6600D4D31A /* Build configuration list for PBXProject "LeBaluchon" */ = {
			isa = XCConfigurationList;
			buildConfigurations = (
				8140576726BC4E6800D4D31A /* Debug */,
				8140576826BC4E6800D4D31A /* Release */,
			);
			defaultConfigurationIsVisible = 0;
			defaultConfigurationName = Release;
		};
		8140576926BC4E6800D4D31A /* Build configuration list for PBXNativeTarget "LeBaluchon" */ = {
			isa = XCConfigurationList;
			buildConfigurations = (
				8140576A26BC4E6800D4D31A /* Debug */,
				8140576B26BC4E6800D4D31A /* Release */,
			);
			defaultConfigurationIsVisible = 0;
			defaultConfigurationName = Release;
		};
		8140576C26BC4E6800D4D31A /* Build configuration list for PBXNativeTarget "LeBaluchonTests" */ = {
			isa = XCConfigurationList;
			buildConfigurations = (
				8140576D26BC4E6800D4D31A /* Debug */,
				8140576E26BC4E6800D4D31A /* Release */,
			);
			defaultConfigurationIsVisible = 0;
			defaultConfigurationName = Release;
		};
		8140576F26BC4E6800D4D31A /* Build configuration list for PBXNativeTarget "LeBaluchonUITests" */ = {
			isa = XCConfigurationList;
			buildConfigurations = (
				8140577026BC4E6800D4D31A /* Debug */,
				8140577126BC4E6800D4D31A /* Release */,
			);
			defaultConfigurationIsVisible = 0;
			defaultConfigurationName = Release;
		};
/* End XCConfigurationList section */
	};
	rootObject = 8140573426BC4E6600D4D31A /* Project object */;
}
