// !$*UTF8*$!
{
	archiveVersion = 1;
	classes = {
	};
	objectVersion = 50;
	objects = {

/* Begin PBXBuildFile section */
		8140574026BC4E6600D4D31A /* AppDelegate.swift in Sources */ = {isa = PBXBuildFile; fileRef = 8140573F26BC4E6600D4D31A /* AppDelegate.swift */; };
		8140574226BC4E6600D4D31A /* SceneDelegate.swift in Sources */ = {isa = PBXBuildFile; fileRef = 8140574126BC4E6600D4D31A /* SceneDelegate.swift */; };
		8140574426BC4E6600D4D31A /* RateViewController.swift in Sources */ = {isa = PBXBuildFile; fileRef = 8140574326BC4E6600D4D31A /* RateViewController.swift */; };
		8140574A26BC4E6600D4D31A /* Le_Baluchon.xcdatamodeld in Sources */ = {isa = PBXBuildFile; fileRef = 8140574826BC4E6600D4D31A /* Le_Baluchon.xcdatamodeld */; };
		8140574C26BC4E6800D4D31A /* Assets.xcassets in Resources */ = {isa = PBXBuildFile; fileRef = 8140574B26BC4E6800D4D31A /* Assets.xcassets */; };
		8140574F26BC4E6800D4D31A /* LaunchScreen.storyboard in Resources */ = {isa = PBXBuildFile; fileRef = 8140574D26BC4E6800D4D31A /* LaunchScreen.storyboard */; };
		8140575A26BC4E6800D4D31A /* Le_BaluchonTests.swift in Sources */ = {isa = PBXBuildFile; fileRef = 8140575926BC4E6800D4D31A /* Le_BaluchonTests.swift */; };
		8140576526BC4E6800D4D31A /* Le_BaluchonUITests.swift in Sources */ = {isa = PBXBuildFile; fileRef = 8140576426BC4E6800D4D31A /* Le_BaluchonUITests.swift */; };
		8140577726BC507700D4D31A /* TranslationViewController.swift in Sources */ = {isa = PBXBuildFile; fileRef = 8140577626BC507700D4D31A /* TranslationViewController.swift */; };
		8140577926BC508B00D4D31A /* WeatherViewController.swift in Sources */ = {isa = PBXBuildFile; fileRef = 8140577826BC508B00D4D31A /* WeatherViewController.swift */; };
		8140577B26BC519300D4D31A /* TabBarViewController.swift in Sources */ = {isa = PBXBuildFile; fileRef = 8140577A26BC519300D4D31A /* TabBarViewController.swift */; };
		8140577D26BC5C1B00D4D31A /* RateMainView.swift in Sources */ = {isa = PBXBuildFile; fileRef = 8140577C26BC5C1B00D4D31A /* RateMainView.swift */; };
		8140577F26BC5FF500D4D31A /* TranslationMainView.swift in Sources */ = {isa = PBXBuildFile; fileRef = 8140577E26BC5FF500D4D31A /* TranslationMainView.swift */; };
		8140578126BC602600D4D31A /* WeatherMainView.swift in Sources */ = {isa = PBXBuildFile; fileRef = 8140578026BC602600D4D31A /* WeatherMainView.swift */; };
/* End PBXBuildFile section */

/* Begin PBXContainerItemProxy section */
		8140575626BC4E6800D4D31A /* PBXContainerItemProxy */ = {
			isa = PBXContainerItemProxy;
			containerPortal = 8140573426BC4E6600D4D31A /* Project object */;
			proxyType = 1;
			remoteGlobalIDString = 8140573B26BC4E6600D4D31A;
			remoteInfo = "Le Baluchon";
		};
		8140576126BC4E6800D4D31A /* PBXContainerItemProxy */ = {
			isa = PBXContainerItemProxy;
			containerPortal = 8140573426BC4E6600D4D31A /* Project object */;
			proxyType = 1;
			remoteGlobalIDString = 8140573B26BC4E6600D4D31A;
			remoteInfo = "Le Baluchon";
		};
/* End PBXContainerItemProxy section */

/* Begin PBXFileReference section */
		8140573C26BC4E6600D4D31A /* Le Baluchon.app */ = {isa = PBXFileReference; explicitFileType = wrapper.application; includeInIndex = 0; path = "Le Baluchon.app"; sourceTree = BUILT_PRODUCTS_DIR; };
		8140573F26BC4E6600D4D31A /* AppDelegate.swift */ = {isa = PBXFileReference; lastKnownFileType = sourcecode.swift; path = AppDelegate.swift; sourceTree = "<group>"; };
		8140574126BC4E6600D4D31A /* SceneDelegate.swift */ = {isa = PBXFileReference; lastKnownFileType = sourcecode.swift; path = SceneDelegate.swift; sourceTree = "<group>"; };
		8140574326BC4E6600D4D31A /* RateViewController.swift */ = {isa = PBXFileReference; lastKnownFileType = sourcecode.swift; path = RateViewController.swift; sourceTree = "<group>"; };
		8140574926BC4E6600D4D31A /* Le_Baluchon.xcdatamodel */ = {isa = PBXFileReference; lastKnownFileType = wrapper.xcdatamodel; path = Le_Baluchon.xcdatamodel; sourceTree = "<group>"; };
		8140574B26BC4E6800D4D31A /* Assets.xcassets */ = {isa = PBXFileReference; lastKnownFileType = folder.assetcatalog; path = Assets.xcassets; sourceTree = "<group>"; };
		8140574E26BC4E6800D4D31A /* Base */ = {isa = PBXFileReference; lastKnownFileType = file.storyboard; name = Base; path = Base.lproj/LaunchScreen.storyboard; sourceTree = "<group>"; };
		8140575026BC4E6800D4D31A /* Info.plist */ = {isa = PBXFileReference; lastKnownFileType = text.plist.xml; path = Info.plist; sourceTree = "<group>"; };
		8140575526BC4E6800D4D31A /* Le BaluchonTests.xctest */ = {isa = PBXFileReference; explicitFileType = wrapper.cfbundle; includeInIndex = 0; path = "Le BaluchonTests.xctest"; sourceTree = BUILT_PRODUCTS_DIR; };
		8140575926BC4E6800D4D31A /* Le_BaluchonTests.swift */ = {isa = PBXFileReference; lastKnownFileType = sourcecode.swift; path = Le_BaluchonTests.swift; sourceTree = "<group>"; };
		8140575B26BC4E6800D4D31A /* Info.plist */ = {isa = PBXFileReference; lastKnownFileType = text.plist.xml; path = Info.plist; sourceTree = "<group>"; };
		8140576026BC4E6800D4D31A /* Le BaluchonUITests.xctest */ = {isa = PBXFileReference; explicitFileType = wrapper.cfbundle; includeInIndex = 0; path = "Le BaluchonUITests.xctest"; sourceTree = BUILT_PRODUCTS_DIR; };
		8140576426BC4E6800D4D31A /* Le_BaluchonUITests.swift */ = {isa = PBXFileReference; lastKnownFileType = sourcecode.swift; path = Le_BaluchonUITests.swift; sourceTree = "<group>"; };
		8140576626BC4E6800D4D31A /* Info.plist */ = {isa = PBXFileReference; lastKnownFileType = text.plist.xml; path = Info.plist; sourceTree = "<group>"; };
		8140577626BC507700D4D31A /* TranslationViewController.swift */ = {isa = PBXFileReference; lastKnownFileType = sourcecode.swift; path = TranslationViewController.swift; sourceTree = "<group>"; };
		8140577826BC508B00D4D31A /* WeatherViewController.swift */ = {isa = PBXFileReference; lastKnownFileType = sourcecode.swift; path = WeatherViewController.swift; sourceTree = "<group>"; };
		8140577A26BC519300D4D31A /* TabBarViewController.swift */ = {isa = PBXFileReference; lastKnownFileType = sourcecode.swift; path = TabBarViewController.swift; sourceTree = "<group>"; };
		8140577C26BC5C1B00D4D31A /* RateMainView.swift */ = {isa = PBXFileReference; lastKnownFileType = sourcecode.swift; path = RateMainView.swift; sourceTree = "<group>"; };
		8140577E26BC5FF500D4D31A /* TranslationMainView.swift */ = {isa = PBXFileReference; lastKnownFileType = sourcecode.swift; path = TranslationMainView.swift; sourceTree = "<group>"; };
		8140578026BC602600D4D31A /* WeatherMainView.swift */ = {isa = PBXFileReference; lastKnownFileType = sourcecode.swift; path = WeatherMainView.swift; sourceTree = "<group>"; };
/* End PBXFileReference section */

/* Begin PBXFrameworksBuildPhase section */
		8140573926BC4E6600D4D31A /* Frameworks */ = {
			isa = PBXFrameworksBuildPhase;
			buildActionMask = 2147483647;
			files = (
			);
			runOnlyForDeploymentPostprocessing = 0;
		};
		8140575226BC4E6800D4D31A /* Frameworks */ = {
			isa = PBXFrameworksBuildPhase;
			buildActionMask = 2147483647;
			files = (
			);
			runOnlyForDeploymentPostprocessing = 0;
		};
		8140575D26BC4E6800D4D31A /* Frameworks */ = {
			isa = PBXFrameworksBuildPhase;
			buildActionMask = 2147483647;
			files = (
			);
			runOnlyForDeploymentPostprocessing = 0;
		};
/* End PBXFrameworksBuildPhase section */

/* Begin PBXGroup section */
		8140573326BC4E6600D4D31A = {
			isa = PBXGroup;
			children = (
				8140573E26BC4E6600D4D31A /* Le Baluchon */,
				8140575826BC4E6800D4D31A /* Le BaluchonTests */,
				8140576326BC4E6800D4D31A /* Le BaluchonUITests */,
				8140573D26BC4E6600D4D31A /* Products */,
			);
			sourceTree = "<group>";
		};
		8140573D26BC4E6600D4D31A /* Products */ = {
			isa = PBXGroup;
			children = (
				8140573C26BC4E6600D4D31A /* Le Baluchon.app */,
				8140575526BC4E6800D4D31A /* Le BaluchonTests.xctest */,
				8140576026BC4E6800D4D31A /* Le BaluchonUITests.xctest */,
			);
			name = Products;
			sourceTree = "<group>";
		};
		8140573E26BC4E6600D4D31A /* Le Baluchon */ = {
			isa = PBXGroup;
			children = (
				8140575026BC4E6800D4D31A /* Info.plist */,
				8140577526BC4EFA00D4D31A /* Assets */,
				8140577226BC4ED600D4D31A /* Model */,
				8140577326BC4EDE00D4D31A /* View */,
				8140577426BC4EEA00D4D31A /* Controller */,
				8140574826BC4E6600D4D31A /* Le_Baluchon.xcdatamodeld */,
			);
			path = "Le Baluchon";
			sourceTree = "<group>";
		};
		8140575826BC4E6800D4D31A /* Le BaluchonTests */ = {
			isa = PBXGroup;
			children = (
				8140575926BC4E6800D4D31A /* Le_BaluchonTests.swift */,
				8140575B26BC4E6800D4D31A /* Info.plist */,
			);
			path = "Le BaluchonTests";
			sourceTree = "<group>";
		};
		8140576326BC4E6800D4D31A /* Le BaluchonUITests */ = {
			isa = PBXGroup;
			children = (
				8140576426BC4E6800D4D31A /* Le_BaluchonUITests.swift */,
				8140576626BC4E6800D4D31A /* Info.plist */,
			);
			path = "Le BaluchonUITests";
			sourceTree = "<group>";
		};
		8140577226BC4ED600D4D31A /* Model */ = {
			isa = PBXGroup;
			children = (
			);
			path = Model;
			sourceTree = "<group>";
		};
		8140577326BC4EDE00D4D31A /* View */ = {
			isa = PBXGroup;
			children = (
				8140574D26BC4E6800D4D31A /* LaunchScreen.storyboard */,
				8140577C26BC5C1B00D4D31A /* RateMainView.swift */,
				8140577E26BC5FF500D4D31A /* TranslationMainView.swift */,
				8140578026BC602600D4D31A /* WeatherMainView.swift */,
			);
			path = View;
			sourceTree = "<group>";
		};
		8140577426BC4EEA00D4D31A /* Controller */ = {
			isa = PBXGroup;
			children = (
				8140573F26BC4E6600D4D31A /* AppDelegate.swift */,
				8140574126BC4E6600D4D31A /* SceneDelegate.swift */,
				8140577A26BC519300D4D31A /* TabBarViewController.swift */,
				8140574326BC4E6600D4D31A /* RateViewController.swift */,
				8140577626BC507700D4D31A /* TranslationViewController.swift */,
				8140577826BC508B00D4D31A /* WeatherViewController.swift */,
			);
			path = Controller;
			sourceTree = "<group>";
		};
		8140577526BC4EFA00D4D31A /* Assets */ = {
			isa = PBXGroup;
			children = (
				8140574B26BC4E6800D4D31A /* Assets.xcassets */,
			);
			path = Assets;
			sourceTree = "<group>";
		};
/* End PBXGroup section */

/* Begin PBXNativeTarget section */
		8140573B26BC4E6600D4D31A /* Le Baluchon */ = {
			isa = PBXNativeTarget;
			buildConfigurationList = 8140576926BC4E6800D4D31A /* Build configuration list for PBXNativeTarget "Le Baluchon" */;
			buildPhases = (
				8140573826BC4E6600D4D31A /* Sources */,
				8140573926BC4E6600D4D31A /* Frameworks */,
				8140573A26BC4E6600D4D31A /* Resources */,
			);
			buildRules = (
			);
			dependencies = (
			);
			name = "Le Baluchon";
			productName = "Le Baluchon";
			productReference = 8140573C26BC4E6600D4D31A /* Le Baluchon.app */;
			productType = "com.apple.product-type.application";
		};
		8140575426BC4E6800D4D31A /* Le BaluchonTests */ = {
			isa = PBXNativeTarget;
			buildConfigurationList = 8140576C26BC4E6800D4D31A /* Build configuration list for PBXNativeTarget "Le BaluchonTests" */;
			buildPhases = (
				8140575126BC4E6800D4D31A /* Sources */,
				8140575226BC4E6800D4D31A /* Frameworks */,
				8140575326BC4E6800D4D31A /* Resources */,
			);
			buildRules = (
			);
			dependencies = (
				8140575726BC4E6800D4D31A /* PBXTargetDependency */,
			);
			name = "Le BaluchonTests";
			productName = "Le BaluchonTests";
			productReference = 8140575526BC4E6800D4D31A /* Le BaluchonTests.xctest */;
			productType = "com.apple.product-type.bundle.unit-test";
		};
		8140575F26BC4E6800D4D31A /* Le BaluchonUITests */ = {
			isa = PBXNativeTarget;
			buildConfigurationList = 8140576F26BC4E6800D4D31A /* Build configuration list for PBXNativeTarget "Le BaluchonUITests" */;
			buildPhases = (
				8140575C26BC4E6800D4D31A /* Sources */,
				8140575D26BC4E6800D4D31A /* Frameworks */,
				8140575E26BC4E6800D4D31A /* Resources */,
			);
			buildRules = (
			);
			dependencies = (
				8140576226BC4E6800D4D31A /* PBXTargetDependency */,
			);
			name = "Le BaluchonUITests";
			productName = "Le BaluchonUITests";
			productReference = 8140576026BC4E6800D4D31A /* Le BaluchonUITests.xctest */;
			productType = "com.apple.product-type.bundle.ui-testing";
		};
/* End PBXNativeTarget section */

/* Begin PBXProject section */
		8140573426BC4E6600D4D31A /* Project object */ = {
			isa = PBXProject;
			attributes = {
				LastSwiftUpdateCheck = 1250;
				LastUpgradeCheck = 1250;
				TargetAttributes = {
					8140573B26BC4E6600D4D31A = {
						CreatedOnToolsVersion = 12.5;
					};
					8140575426BC4E6800D4D31A = {
						CreatedOnToolsVersion = 12.5;
						TestTargetID = 8140573B26BC4E6600D4D31A;
					};
					8140575F26BC4E6800D4D31A = {
						CreatedOnToolsVersion = 12.5;
						TestTargetID = 8140573B26BC4E6600D4D31A;
					};
				};
			};
			buildConfigurationList = 8140573726BC4E6600D4D31A /* Build configuration list for PBXProject "Le Baluchon" */;
			compatibilityVersion = "Xcode 9.3";
			developmentRegion = en;
			hasScannedForEncodings = 0;
			knownRegions = (
				en,
				Base,
			);
			mainGroup = 8140573326BC4E6600D4D31A;
			productRefGroup = 8140573D26BC4E6600D4D31A /* Products */;
			projectDirPath = "";
			projectRoot = "";
			targets = (
				8140573B26BC4E6600D4D31A /* Le Baluchon */,
				8140575426BC4E6800D4D31A /* Le BaluchonTests */,
				8140575F26BC4E6800D4D31A /* Le BaluchonUITests */,
			);
		};
/* End PBXProject section */

/* Begin PBXResourcesBuildPhase section */
		8140573A26BC4E6600D4D31A /* Resources */ = {
			isa = PBXResourcesBuildPhase;
			buildActionMask = 2147483647;
			files = (
				8140574F26BC4E6800D4D31A /* LaunchScreen.storyboard in Resources */,
				8140574C26BC4E6800D4D31A /* Assets.xcassets in Resources */,
			);
			runOnlyForDeploymentPostprocessing = 0;
		};
		8140575326BC4E6800D4D31A /* Resources */ = {
			isa = PBXResourcesBuildPhase;
			buildActionMask = 2147483647;
			files = (
			);
			runOnlyForDeploymentPostprocessing = 0;
		};
		8140575E26BC4E6800D4D31A /* Resources */ = {
			isa = PBXResourcesBuildPhase;
			buildActionMask = 2147483647;
			files = (
			);
			runOnlyForDeploymentPostprocessing = 0;
		};
/* End PBXResourcesBuildPhase section */

/* Begin PBXSourcesBuildPhase section */
		8140573826BC4E6600D4D31A /* Sources */ = {
			isa = PBXSourcesBuildPhase;
			buildActionMask = 2147483647;
			files = (
				8140574A26BC4E6600D4D31A /* Le_Baluchon.xcdatamodeld in Sources */,
				8140577D26BC5C1B00D4D31A /* RateMainView.swift in Sources */,
				8140578126BC602600D4D31A /* WeatherMainView.swift in Sources */,
				8140577926BC508B00D4D31A /* WeatherViewController.swift in Sources */,
				8140574426BC4E6600D4D31A /* RateViewController.swift in Sources */,
				8140574026BC4E6600D4D31A /* AppDelegate.swift in Sources */,
				8140577B26BC519300D4D31A /* TabBarViewController.swift in Sources */,
				8140574226BC4E6600D4D31A /* SceneDelegate.swift in Sources */,
				8140577F26BC5FF500D4D31A /* TranslationMainView.swift in Sources */,
				8140577726BC507700D4D31A /* TranslationViewController.swift in Sources */,
			);
			runOnlyForDeploymentPostprocessing = 0;
		};
		8140575126BC4E6800D4D31A /* Sources */ = {
			isa = PBXSourcesBuildPhase;
			buildActionMask = 2147483647;
			files = (
				8140575A26BC4E6800D4D31A /* Le_BaluchonTests.swift in Sources */,
			);
			runOnlyForDeploymentPostprocessing = 0;
		};
		8140575C26BC4E6800D4D31A /* Sources */ = {
			isa = PBXSourcesBuildPhase;
			buildActionMask = 2147483647;
			files = (
				8140576526BC4E6800D4D31A /* Le_BaluchonUITests.swift in Sources */,
			);
			runOnlyForDeploymentPostprocessing = 0;
		};
/* End PBXSourcesBuildPhase section */

/* Begin PBXTargetDependency section */
		8140575726BC4E6800D4D31A /* PBXTargetDependency */ = {
			isa = PBXTargetDependency;
			target = 8140573B26BC4E6600D4D31A /* Le Baluchon */;
			targetProxy = 8140575626BC4E6800D4D31A /* PBXContainerItemProxy */;
		};
		8140576226BC4E6800D4D31A /* PBXTargetDependency */ = {
			isa = PBXTargetDependency;
			target = 8140573B26BC4E6600D4D31A /* Le Baluchon */;
			targetProxy = 8140576126BC4E6800D4D31A /* PBXContainerItemProxy */;
		};
/* End PBXTargetDependency section */

/* Begin PBXVariantGroup section */
		8140574D26BC4E6800D4D31A /* LaunchScreen.storyboard */ = {
			isa = PBXVariantGroup;
			children = (
				8140574E26BC4E6800D4D31A /* Base */,
			);
			name = LaunchScreen.storyboard;
			sourceTree = "<group>";
		};
/* End PBXVariantGroup section */

/* Begin XCBuildConfiguration section */
		8140576726BC4E6800D4D31A /* Debug */ = {
			isa = XCBuildConfiguration;
			buildSettings = {
				ALWAYS_SEARCH_USER_PATHS = NO;
				CLANG_ANALYZER_NONNULL = YES;
				CLANG_ANALYZER_NUMBER_OBJECT_CONVERSION = YES_AGGRESSIVE;
				CLANG_CXX_LANGUAGE_STANDARD = "gnu++14";
				CLANG_CXX_LIBRARY = "libc++";
				CLANG_ENABLE_MODULES = YES;
				CLANG_ENABLE_OBJC_ARC = YES;
				CLANG_ENABLE_OBJC_WEAK = YES;
				CLANG_WARN_BLOCK_CAPTURE_AUTORELEASING = YES;
				CLANG_WARN_BOOL_CONVERSION = YES;
				CLANG_WARN_COMMA = YES;
				CLANG_WARN_CONSTANT_CONVERSION = YES;
				CLANG_WARN_DEPRECATED_OBJC_IMPLEMENTATIONS = YES;
				CLANG_WARN_DIRECT_OBJC_ISA_USAGE = YES_ERROR;
				CLANG_WARN_DOCUMENTATION_COMMENTS = YES;
				CLANG_WARN_EMPTY_BODY = YES;
				CLANG_WARN_ENUM_CONVERSION = YES;
				CLANG_WARN_INFINITE_RECURSION = YES;
				CLANG_WARN_INT_CONVERSION = YES;
				CLANG_WARN_NON_LITERAL_NULL_CONVERSION = YES;
				CLANG_WARN_OBJC_IMPLICIT_RETAIN_SELF = YES;
				CLANG_WARN_OBJC_LITERAL_CONVERSION = YES;
				CLANG_WARN_OBJC_ROOT_CLASS = YES_ERROR;
				CLANG_WARN_QUOTED_INCLUDE_IN_FRAMEWORK_HEADER = YES;
				CLANG_WARN_RANGE_LOOP_ANALYSIS = YES;
				CLANG_WARN_STRICT_PROTOTYPES = YES;
				CLANG_WARN_SUSPICIOUS_MOVE = YES;
				CLANG_WARN_UNGUARDED_AVAILABILITY = YES_AGGRESSIVE;
				CLANG_WARN_UNREACHABLE_CODE = YES;
				CLANG_WARN__DUPLICATE_METHOD_MATCH = YES;
				COPY_PHASE_STRIP = NO;
				DEBUG_INFORMATION_FORMAT = dwarf;
				ENABLE_STRICT_OBJC_MSGSEND = YES;
				ENABLE_TESTABILITY = YES;
				GCC_C_LANGUAGE_STANDARD = gnu11;
				GCC_DYNAMIC_NO_PIC = NO;
				GCC_NO_COMMON_BLOCKS = YES;
				GCC_OPTIMIZATION_LEVEL = 0;
				GCC_PREPROCESSOR_DEFINITIONS = (
					"DEBUG=1",
					"$(inherited)",
				);
				GCC_WARN_64_TO_32_BIT_CONVERSION = YES;
				GCC_WARN_ABOUT_RETURN_TYPE = YES_ERROR;
				GCC_WARN_UNDECLARED_SELECTOR = YES;
				GCC_WARN_UNINITIALIZED_AUTOS = YES_AGGRESSIVE;
				GCC_WARN_UNUSED_FUNCTION = YES;
				GCC_WARN_UNUSED_VARIABLE = YES;
				IPHONEOS_DEPLOYMENT_TARGET = 14.5;
				MTL_ENABLE_DEBUG_INFO = INCLUDE_SOURCE;
				MTL_FAST_MATH = YES;
				ONLY_ACTIVE_ARCH = YES;
				SDKROOT = iphoneos;
				SWIFT_ACTIVE_COMPILATION_CONDITIONS = DEBUG;
				SWIFT_OPTIMIZATION_LEVEL = "-Onone";
			};
			name = Debug;
		};
		8140576826BC4E6800D4D31A /* Release */ = {
			isa = XCBuildConfiguration;
			buildSettings = {
				ALWAYS_SEARCH_USER_PATHS = NO;
				CLANG_ANALYZER_NONNULL = YES;
				CLANG_ANALYZER_NUMBER_OBJECT_CONVERSION = YES_AGGRESSIVE;
				CLANG_CXX_LANGUAGE_STANDARD = "gnu++14";
				CLANG_CXX_LIBRARY = "libc++";
				CLANG_ENABLE_MODULES = YES;
				CLANG_ENABLE_OBJC_ARC = YES;
				CLANG_ENABLE_OBJC_WEAK = YES;
				CLANG_WARN_BLOCK_CAPTURE_AUTORELEASING = YES;
				CLANG_WARN_BOOL_CONVERSION = YES;
				CLANG_WARN_COMMA = YES;
				CLANG_WARN_CONSTANT_CONVERSION = YES;
				CLANG_WARN_DEPRECATED_OBJC_IMPLEMENTATIONS = YES;
				CLANG_WARN_DIRECT_OBJC_ISA_USAGE = YES_ERROR;
				CLANG_WARN_DOCUMENTATION_COMMENTS = YES;
				CLANG_WARN_EMPTY_BODY = YES;
				CLANG_WARN_ENUM_CONVERSION = YES;
				CLANG_WARN_INFINITE_RECURSION = YES;
				CLANG_WARN_INT_CONVERSION = YES;
				CLANG_WARN_NON_LITERAL_NULL_CONVERSION = YES;
				CLANG_WARN_OBJC_IMPLICIT_RETAIN_SELF = YES;
				CLANG_WARN_OBJC_LITERAL_CONVERSION = YES;
				CLANG_WARN_OBJC_ROOT_CLASS = YES_ERROR;
				CLANG_WARN_QUOTED_INCLUDE_IN_FRAMEWORK_HEADER = YES;
				CLANG_WARN_RANGE_LOOP_ANALYSIS = YES;
				CLANG_WARN_STRICT_PROTOTYPES = YES;
				CLANG_WARN_SUSPICIOUS_MOVE = YES;
				CLANG_WARN_UNGUARDED_AVAILABILITY = YES_AGGRESSIVE;
				CLANG_WARN_UNREACHABLE_CODE = YES;
				CLANG_WARN__DUPLICATE_METHOD_MATCH = YES;
				COPY_PHASE_STRIP = NO;
				DEBUG_INFORMATION_FORMAT = "dwarf-with-dsym";
				ENABLE_NS_ASSERTIONS = NO;
				ENABLE_STRICT_OBJC_MSGSEND = YES;
				GCC_C_LANGUAGE_STANDARD = gnu11;
				GCC_NO_COMMON_BLOCKS = YES;
				GCC_WARN_64_TO_32_BIT_CONVERSION = YES;
				GCC_WARN_ABOUT_RETURN_TYPE = YES_ERROR;
				GCC_WARN_UNDECLARED_SELECTOR = YES;
				GCC_WARN_UNINITIALIZED_AUTOS = YES_AGGRESSIVE;
				GCC_WARN_UNUSED_FUNCTION = YES;
				GCC_WARN_UNUSED_VARIABLE = YES;
				IPHONEOS_DEPLOYMENT_TARGET = 14.5;
				MTL_ENABLE_DEBUG_INFO = NO;
				MTL_FAST_MATH = YES;
				SDKROOT = iphoneos;
				SWIFT_COMPILATION_MODE = wholemodule;
				SWIFT_OPTIMIZATION_LEVEL = "-O";
				VALIDATE_PRODUCT = YES;
			};
			name = Release;
		};
		8140576A26BC4E6800D4D31A /* Debug */ = {
			isa = XCBuildConfiguration;
			buildSettings = {
				ASSETCATALOG_COMPILER_APPICON_NAME = AppIcon;
				ASSETCATALOG_COMPILER_GLOBAL_ACCENT_COLOR_NAME = AccentColor;
				CODE_SIGN_STYLE = Automatic;
				DEVELOPMENT_TEAM = LW66PFZQH6;
				INFOPLIST_FILE = "Le Baluchon/Info.plist";
				IPHONEOS_DEPLOYMENT_TARGET = 13.0;
				LD_RUNPATH_SEARCH_PATHS = (
					"$(inherited)",
					"@executable_path/Frameworks",
				);
				PRODUCT_BUNDLE_IDENTIFIER = "com.birkyboydesign.Le-Baluchon";
				PRODUCT_NAME = "$(TARGET_NAME)";
				SWIFT_VERSION = 5.0;
				TARGETED_DEVICE_FAMILY = 1;
			};
			name = Debug;
		};
		8140576B26BC4E6800D4D31A /* Release */ = {
			isa = XCBuildConfiguration;
			buildSettings = {
				ASSETCATALOG_COMPILER_APPICON_NAME = AppIcon;
				ASSETCATALOG_COMPILER_GLOBAL_ACCENT_COLOR_NAME = AccentColor;
				CODE_SIGN_STYLE = Automatic;
				DEVELOPMENT_TEAM = LW66PFZQH6;
				INFOPLIST_FILE = "Le Baluchon/Info.plist";
				IPHONEOS_DEPLOYMENT_TARGET = 13.0;
				LD_RUNPATH_SEARCH_PATHS = (
					"$(inherited)",
					"@executable_path/Frameworks",
				);
				PRODUCT_BUNDLE_IDENTIFIER = "com.birkyboydesign.Le-Baluchon";
				PRODUCT_NAME = "$(TARGET_NAME)";
				SWIFT_VERSION = 5.0;
				TARGETED_DEVICE_FAMILY = 1;
			};
			name = Release;
		};
		8140576D26BC4E6800D4D31A /* Debug */ = {
			isa = XCBuildConfiguration;
			buildSettings = {
				ALWAYS_EMBED_SWIFT_STANDARD_LIBRARIES = YES;
				BUNDLE_LOADER = "$(TEST_HOST)";
				CODE_SIGN_STYLE = Automatic;
				DEVELOPMENT_TEAM = LW66PFZQH6;
				INFOPLIST_FILE = "Le BaluchonTests/Info.plist";
				IPHONEOS_DEPLOYMENT_TARGET = 14.5;
				LD_RUNPATH_SEARCH_PATHS = (
					"$(inherited)",
					"@executable_path/Frameworks",
					"@loader_path/Frameworks",
				);
				PRODUCT_BUNDLE_IDENTIFIER = "com.birkyboydesign.Le-BaluchonTests";
				PRODUCT_NAME = "$(TARGET_NAME)";
				SWIFT_VERSION = 5.0;
				TARGETED_DEVICE_FAMILY = "1,2";
				TEST_HOST = "$(BUILT_PRODUCTS_DIR)/Le Baluchon.app/Le Baluchon";
			};
			name = Debug;
		};
		8140576E26BC4E6800D4D31A /* Release */ = {
			isa = XCBuildConfiguration;
			buildSettings = {
				ALWAYS_EMBED_SWIFT_STANDARD_LIBRARIES = YES;
				BUNDLE_LOADER = "$(TEST_HOST)";
				CODE_SIGN_STYLE = Automatic;
				DEVELOPMENT_TEAM = LW66PFZQH6;
				INFOPLIST_FILE = "Le BaluchonTests/Info.plist";
				IPHONEOS_DEPLOYMENT_TARGET = 14.5;
				LD_RUNPATH_SEARCH_PATHS = (
					"$(inherited)",
					"@executable_path/Frameworks",
					"@loader_path/Frameworks",
				);
				PRODUCT_BUNDLE_IDENTIFIER = "com.birkyboydesign.Le-BaluchonTests";
				PRODUCT_NAME = "$(TARGET_NAME)";
				SWIFT_VERSION = 5.0;
				TARGETED_DEVICE_FAMILY = "1,2";
				TEST_HOST = "$(BUILT_PRODUCTS_DIR)/Le Baluchon.app/Le Baluchon";
			};
			name = Release;
		};
		8140577026BC4E6800D4D31A /* Debug */ = {
			isa = XCBuildConfiguration;
			buildSettings = {
				ALWAYS_EMBED_SWIFT_STANDARD_LIBRARIES = YES;
				CODE_SIGN_STYLE = Automatic;
				DEVELOPMENT_TEAM = LW66PFZQH6;
				INFOPLIST_FILE = "Le BaluchonUITests/Info.plist";
				LD_RUNPATH_SEARCH_PATHS = (
					"$(inherited)",
					"@executable_path/Frameworks",
					"@loader_path/Frameworks",
				);
				PRODUCT_BUNDLE_IDENTIFIER = "com.birkyboydesign.Le-BaluchonUITests";
				PRODUCT_NAME = "$(TARGET_NAME)";
				SWIFT_VERSION = 5.0;
				TARGETED_DEVICE_FAMILY = "1,2";
				TEST_TARGET_NAME = "Le Baluchon";
			};
			name = Debug;
		};
		8140577126BC4E6800D4D31A /* Release */ = {
			isa = XCBuildConfiguration;
			buildSettings = {
				ALWAYS_EMBED_SWIFT_STANDARD_LIBRARIES = YES;
				CODE_SIGN_STYLE = Automatic;
				DEVELOPMENT_TEAM = LW66PFZQH6;
				INFOPLIST_FILE = "Le BaluchonUITests/Info.plist";
				LD_RUNPATH_SEARCH_PATHS = (
					"$(inherited)",
					"@executable_path/Frameworks",
					"@loader_path/Frameworks",
				);
				PRODUCT_BUNDLE_IDENTIFIER = "com.birkyboydesign.Le-BaluchonUITests";
				PRODUCT_NAME = "$(TARGET_NAME)";
				SWIFT_VERSION = 5.0;
				TARGETED_DEVICE_FAMILY = "1,2";
				TEST_TARGET_NAME = "Le Baluchon";
			};
			name = Release;
		};
/* End XCBuildConfiguration section */

/* Begin XCConfigurationList section */
		8140573726BC4E6600D4D31A /* Build configuration list for PBXProject "Le Baluchon" */ = {
			isa = XCConfigurationList;
			buildConfigurations = (
				8140576726BC4E6800D4D31A /* Debug */,
				8140576826BC4E6800D4D31A /* Release */,
			);
			defaultConfigurationIsVisible = 0;
			defaultConfigurationName = Release;
		};
		8140576926BC4E6800D4D31A /* Build configuration list for PBXNativeTarget "Le Baluchon" */ = {
			isa = XCConfigurationList;
			buildConfigurations = (
				8140576A26BC4E6800D4D31A /* Debug */,
				8140576B26BC4E6800D4D31A /* Release */,
			);
			defaultConfigurationIsVisible = 0;
			defaultConfigurationName = Release;
		};
		8140576C26BC4E6800D4D31A /* Build configuration list for PBXNativeTarget "Le BaluchonTests" */ = {
			isa = XCConfigurationList;
			buildConfigurations = (
				8140576D26BC4E6800D4D31A /* Debug */,
				8140576E26BC4E6800D4D31A /* Release */,
			);
			defaultConfigurationIsVisible = 0;
			defaultConfigurationName = Release;
		};
		8140576F26BC4E6800D4D31A /* Build configuration list for PBXNativeTarget "Le BaluchonUITests" */ = {
			isa = XCConfigurationList;
			buildConfigurations = (
				8140577026BC4E6800D4D31A /* Debug */,
				8140577126BC4E6800D4D31A /* Release */,
			);
			defaultConfigurationIsVisible = 0;
			defaultConfigurationName = Release;
		};
/* End XCConfigurationList section */

/* Begin XCVersionGroup section */
		8140574826BC4E6600D4D31A /* Le_Baluchon.xcdatamodeld */ = {
			isa = XCVersionGroup;
			children = (
				8140574926BC4E6600D4D31A /* Le_Baluchon.xcdatamodel */,
			);
			currentVersion = 8140574926BC4E6600D4D31A /* Le_Baluchon.xcdatamodel */;
			path = Le_Baluchon.xcdatamodeld;
			sourceTree = "<group>";
			versionGroupType = wrapper.xcdatamodel;
		};
/* End XCVersionGroup section */
	};
	rootObject = 8140573426BC4E6600D4D31A /* Project object */;
}
